PODS:
  - Device (3.2.1)
  - PaginatedTableView (1.0.1)
  - StatefulViewController (3.0)

DEPENDENCIES:
  - Device (~> 3.2.1)
  - PaginatedTableView
  - StatefulViewController (~> 3.0)

SPEC REPOS:
  trunk:
    - Device
    - PaginatedTableView
    - StatefulViewController

SPEC CHECKSUMS:
  Device: 0738862dd8a30856b4bd9e21cb9b728873d21392
  PaginatedTableView: 294d9831d5ddf5c0dcfbb4a281d4fcfb8d12f55a
  StatefulViewController: 4803bf900d44de26074344998e10e041113b5931

PODFILE CHECKSUM: a252076bb5e3618d1f9b47159af3af8818cab2f1

COCOAPODS: 1.10.1
