PODS:
  - Alamofire (5.2.1)
  - Anchorage (4.4.0)
  - Kingfisher (5.14.1):
    - Kingfisher/Core (= 5.14.1)
  - Kingfisher/Core (5.14.1)
  - Moya (14.0.0):
    - Moya/Core (= 14.0.0)
  - Moya/Core (14.0.0):
    - Alamofire (~> 5.0)
  - TagListView (1.4.0)

DEPENDENCIES:
  - Anchorage
  - Kingfisher (~> 5.0)
  - Moya (~> 14.0)
  - TagListView (~> 1.0)

SPEC REPOS:
  trunk:
    - Alamofire
    - Anchorage
    - Kingfisher
    - Moya
    - TagListView

SPEC CHECKSUMS:
  Alamofire: e911732990610fe89af59ac0077f923d72dc3dfd
  Anchorage: d7f02c4f9425b537053237aab11ae97e59b55f36
  Kingfisher: 8050bc6f7f68cbf3908bd04df7ccbac188f6d6d6
  Moya: 5b45dacb75adb009f97fde91c204c1e565d31916
  TagListView: 987b0bdbb16cd9d9e7c0e2ec32aff37ecba8b173

PODFILE CHECKSUM: 85d749d77e5e76620aff791a3a8e6533f24fa252

COCOAPODS: 1.9.3
