// !$*UTF8*$!
{
	archiveVersion = 1;
	classes = {
	};
	objectVersion = 52;
	objects = {

/* Begin PBXBuildFile section */
		01B8B198A326BD912862764F /* PublicGistsRequest.swift in Sources */ = {isa = PBXBuildFile; fileRef = 9D56303EF68BD4BC8C7CC8D6 /* PublicGistsRequest.swift */; };
		065CDD9E3F159CCEC6E1A6C0 /* Repository.framework in Frameworks */ = {isa = PBXBuildFile; fileRef = 03D39D8FFA6B36EC82B3C778 /* Repository.framework */; };
		0BFE2F6CE791CC18BFAB58B5 /* CodableFirebase in Frameworks */ = {isa = PBXBuildFile; productRef = 9F8182236AAA9809985E1D0B /* CodableFirebase */; };
		17C8D524B24E1840B0B877EC /* DomainTestUtils.framework in Frameworks */ = {isa = PBXBuildFile; fileRef = 2878BB1A59955DFC6FDEB5AF /* DomainTestUtils.framework */; };
		2C57ABBCD23F294631982830 /* MoyaDataSource.swift in Sources */ = {isa = PBXBuildFile; fileRef = 7709331EBE864F80FE7E8AE0 /* MoyaDataSource.swift */; };
		32D78910ED4BFE722E9A2A58 /* GistsTargetTypeTests.swift in Sources */ = {isa = PBXBuildFile; fileRef = 9DE6DDB50437E00379AA3BB6 /* GistsTargetTypeTests.swift */; };
		3BC2BB82E77F686E93263DAE /* PublicGistsRequestTests.swift in Sources */ = {isa = PBXBuildFile; fileRef = E5A99D22905F1FECADAA14B5 /* PublicGistsRequestTests.swift */; };
		3C0BBE8D6B4DF7C353B880C5 /* GistDigestResponseMapperTests.swift in Sources */ = {isa = PBXBuildFile; fileRef = 8111BA735A38F6EB596E309D /* GistDigestResponseMapperTests.swift */; };
		3D508A96EEC778DB188B909F /* FirebaseBookmarksRepository.swift in Sources */ = {isa = PBXBuildFile; fileRef = 9C3B1CEA8275BADC44C0238F /* FirebaseBookmarksRepository.swift */; };
		5525D12BC58F2C5AA01E1C82 /* Utils.framework in Frameworks */ = {isa = PBXBuildFile; fileRef = 61A51664422F0E86EAC1CF44 /* Utils.framework */; };
		636BCA2DCC677D311904BB62 /* Repository.framework in Frameworks */ = {isa = PBXBuildFile; fileRef = 03D39D8FFA6B36EC82B3C778 /* Repository.framework */; };
		67E28A865EF1E253234AC5D0 /* MoyaGistsRepository.swift in Sources */ = {isa = PBXBuildFile; fileRef = B6DEC57CCAEBF97C05A28776 /* MoyaGistsRepository.swift */; };
		6A511DA11247ED71A57A0658 /* FirebaseDatabase in Frameworks */ = {isa = PBXBuildFile; productRef = B4FADB55656C61286023A28A /* FirebaseDatabase */; };
		6A7A5829DA8C8E36BCEC1A52 /* MoyaDataSourceSpy.swift in Sources */ = {isa = PBXBuildFile; fileRef = 907D41514F21AD44CEE5E20D /* MoyaDataSourceSpy.swift */; };
		6C19850AD1BE657A3391154F /* GistsTargetType.swift in Sources */ = {isa = PBXBuildFile; fileRef = 53F8A3C5D849CE28FECCAD30 /* GistsTargetType.swift */; };
		6D79E349F86DD88743F5AE65 /* GistDigestResponseTests.swift in Sources */ = {isa = PBXBuildFile; fileRef = 9C3C0CCF356C621979959D8A /* GistDigestResponseTests.swift */; };
		72F96108D4CB99881AD97A64 /* Moya in Frameworks */ = {isa = PBXBuildFile; productRef = 715E585B41FB65BDF56DDBCE /* Moya */; };
		795758CD79D9537403B985BD /* BookmarksRepositorySpy.swift in Sources */ = {isa = PBXBuildFile; fileRef = 11C1D5AB1A25C276253D34D9 /* BookmarksRepositorySpy.swift */; };
		8CBB4B4C88645F03E1B4F79F /* XCTest.framework in Frameworks */ = {isa = PBXBuildFile; fileRef = 02B350A2972AA46C2249C278 /* XCTest.framework */; };
		9C91A8C591C6C273E955BCAC /* GistDigestResponse+Fixtures.swift in Sources */ = {isa = PBXBuildFile; fileRef = 1E3DA4065AC4A6055109030D /* GistDigestResponse+Fixtures.swift */; };
		A1622352C5FD850D837574A9 /* MoyaGistsRepositoryTests.swift in Sources */ = {isa = PBXBuildFile; fileRef = CEDED47D3CB00245DD4387EE /* MoyaGistsRepositoryTests.swift */; };
		A245D11D870C6D5694A77A5D /* GistDigestReponse+Mappers.swift in Sources */ = {isa = PBXBuildFile; fileRef = E1CF5A5723463FBA680482E4 /* GistDigestReponse+Mappers.swift */; };
		C2EE7E41667DC7004258A336 /* GistDigest+Mappers.swift in Sources */ = {isa = PBXBuildFile; fileRef = E2C3A90CD37D8C7437E503C3 /* GistDigest+Mappers.swift */; };
		CBC9AACA1612FECCEB4733A3 /* GistDigestResponse+Fixtures.swift in Sources */ = {isa = PBXBuildFile; fileRef = 1E3DA4065AC4A6055109030D /* GistDigestResponse+Fixtures.swift */; };
		CF3E0A6F70FA5140B749C3CA /* FirebaseDataSource.swift in Sources */ = {isa = PBXBuildFile; fileRef = 4BCAA7F7CD08E00C4E7D0DCF /* FirebaseDataSource.swift */; };
		D39B6479655EAD9D1203ABB2 /* MoyaDataSourceSpy.swift in Sources */ = {isa = PBXBuildFile; fileRef = 907D41514F21AD44CEE5E20D /* MoyaDataSourceSpy.swift */; };
		D4643C42E5009783840BFC91 /* UtilsTestUtils.framework in Frameworks */ = {isa = PBXBuildFile; fileRef = 96CB09F2394D097B81B38CEC /* UtilsTestUtils.framework */; };
		E3437D8804FB751CD8FCEE82 /* GistDigestResponse.swift in Sources */ = {isa = PBXBuildFile; fileRef = C3A1B8D65461D5D5E9731B23 /* GistDigestResponse.swift */; };
		EFE6DADF83DEE9E7242AFDD4 /* Domain.framework in Frameworks */ = {isa = PBXBuildFile; fileRef = 3AFE550790A55315F6BAC7CE /* Domain.framework */; };
		F40DCCAA6E476E8D56E983FB /* BookmarksRepositorySpy.swift in Sources */ = {isa = PBXBuildFile; fileRef = 11C1D5AB1A25C276253D34D9 /* BookmarksRepositorySpy.swift */; };
/* End PBXBuildFile section */

/* Begin PBXContainerItemProxy section */
		4E116046ECD9E7E0E00E27AA /* PBXContainerItemProxy */ = {
			isa = PBXContainerItemProxy;
			containerPortal = D776D4FCF51BF7CA8714C709 /* Project object */;
			proxyType = 1;
			remoteGlobalIDString = 1D2AB1734E89DD04E08514BF;
			remoteInfo = Repository;
		};
		F8DEA0D2DF29808532980504 /* PBXContainerItemProxy */ = {
			isa = PBXContainerItemProxy;
			containerPortal = D776D4FCF51BF7CA8714C709 /* Project object */;
			proxyType = 1;
			remoteGlobalIDString = 1D2AB1734E89DD04E08514BF;
			remoteInfo = Repository;
		};
/* End PBXContainerItemProxy section */

/* Begin PBXCopyFilesBuildPhase section */
		40F1B57B9AB1628D70BD01D4 /* Embed Frameworks */ = {
			isa = PBXCopyFilesBuildPhase;
			buildActionMask = 2147483647;
			dstPath = "";
			dstSubfolderSpec = 10;
			files = (
			);
			name = "Embed Frameworks";
			runOnlyForDeploymentPostprocessing = 0;
		};
		86B8C3B9168E1D0CC96D6A58 /* Embed Frameworks */ = {
			isa = PBXCopyFilesBuildPhase;
			buildActionMask = 2147483647;
			dstPath = "";
			dstSubfolderSpec = 10;
			files = (
			);
			name = "Embed Frameworks";
			runOnlyForDeploymentPostprocessing = 0;
		};
		91EE5845A923942DC21F97E3 /* Embed Frameworks */ = {
			isa = PBXCopyFilesBuildPhase;
			buildActionMask = 2147483647;
			dstPath = "";
			dstSubfolderSpec = 10;
			files = (
			);
			name = "Embed Frameworks";
			runOnlyForDeploymentPostprocessing = 0;
		};
/* End PBXCopyFilesBuildPhase section */

/* Begin PBXFileReference section */
		02B350A2972AA46C2249C278 /* XCTest.framework */ = {isa = PBXFileReference; lastKnownFileType = wrapper.framework; name = XCTest.framework; path = Platforms/iPhoneOS.platform/Developer/Library/Frameworks/XCTest.framework; sourceTree = DEVELOPER_DIR; };
		03D39D8FFA6B36EC82B3C778 /* Repository.framework */ = {isa = PBXFileReference; explicitFileType = wrapper.framework; includeInIndex = 0; path = Repository.framework; sourceTree = BUILT_PRODUCTS_DIR; };
		07715FAEE18624800FF41930 /* RepositoryTests.plist */ = {isa = PBXFileReference; lastKnownFileType = text.plist; path = RepositoryTests.plist; sourceTree = "<group>"; };
		11C1D5AB1A25C276253D34D9 /* BookmarksRepositorySpy.swift */ = {isa = PBXFileReference; lastKnownFileType = sourcecode.swift; path = BookmarksRepositorySpy.swift; sourceTree = "<group>"; };
		18618E5B5CE8E0BEE5F43988 /* RepositoryTests.xctest */ = {isa = PBXFileReference; explicitFileType = wrapper.cfbundle; includeInIndex = 0; path = RepositoryTests.xctest; sourceTree = BUILT_PRODUCTS_DIR; };
		1E3DA4065AC4A6055109030D /* GistDigestResponse+Fixtures.swift */ = {isa = PBXFileReference; lastKnownFileType = sourcecode.swift; path = "GistDigestResponse+Fixtures.swift"; sourceTree = "<group>"; };
		2878BB1A59955DFC6FDEB5AF /* DomainTestUtils.framework */ = {isa = PBXFileReference; explicitFileType = wrapper.framework; includeInIndex = 0; path = DomainTestUtils.framework; sourceTree = BUILT_PRODUCTS_DIR; };
		394AE36E4AF5950DBB23E5B4 /* Repository.plist */ = {isa = PBXFileReference; lastKnownFileType = text.plist; path = Repository.plist; sourceTree = "<group>"; };
		3AFE550790A55315F6BAC7CE /* Domain.framework */ = {isa = PBXFileReference; explicitFileType = wrapper.framework; includeInIndex = 0; path = Domain.framework; sourceTree = BUILT_PRODUCTS_DIR; };
		4BCAA7F7CD08E00C4E7D0DCF /* FirebaseDataSource.swift */ = {isa = PBXFileReference; lastKnownFileType = sourcecode.swift; path = FirebaseDataSource.swift; sourceTree = "<group>"; };
		53F8A3C5D849CE28FECCAD30 /* GistsTargetType.swift */ = {isa = PBXFileReference; lastKnownFileType = sourcecode.swift; path = GistsTargetType.swift; sourceTree = "<group>"; };
		61483526265C315E72AF1CC3 /* RepositoryTestUtils.plist */ = {isa = PBXFileReference; lastKnownFileType = text.plist; path = RepositoryTestUtils.plist; sourceTree = "<group>"; };
		61A51664422F0E86EAC1CF44 /* Utils.framework */ = {isa = PBXFileReference; explicitFileType = wrapper.framework; includeInIndex = 0; path = Utils.framework; sourceTree = BUILT_PRODUCTS_DIR; };
		7709331EBE864F80FE7E8AE0 /* MoyaDataSource.swift */ = {isa = PBXFileReference; lastKnownFileType = sourcecode.swift; path = MoyaDataSource.swift; sourceTree = "<group>"; };
		8111BA735A38F6EB596E309D /* GistDigestResponseMapperTests.swift */ = {isa = PBXFileReference; lastKnownFileType = sourcecode.swift; path = GistDigestResponseMapperTests.swift; sourceTree = "<group>"; };
		907D41514F21AD44CEE5E20D /* MoyaDataSourceSpy.swift */ = {isa = PBXFileReference; lastKnownFileType = sourcecode.swift; path = MoyaDataSourceSpy.swift; sourceTree = "<group>"; };
		96CB09F2394D097B81B38CEC /* UtilsTestUtils.framework */ = {isa = PBXFileReference; explicitFileType = wrapper.framework; includeInIndex = 0; path = UtilsTestUtils.framework; sourceTree = BUILT_PRODUCTS_DIR; };
		9C3B1CEA8275BADC44C0238F /* FirebaseBookmarksRepository.swift */ = {isa = PBXFileReference; lastKnownFileType = sourcecode.swift; path = FirebaseBookmarksRepository.swift; sourceTree = "<group>"; };
		9C3C0CCF356C621979959D8A /* GistDigestResponseTests.swift */ = {isa = PBXFileReference; lastKnownFileType = sourcecode.swift; path = GistDigestResponseTests.swift; sourceTree = "<group>"; };
		9D56303EF68BD4BC8C7CC8D6 /* PublicGistsRequest.swift */ = {isa = PBXFileReference; lastKnownFileType = sourcecode.swift; path = PublicGistsRequest.swift; sourceTree = "<group>"; };
		9DE6DDB50437E00379AA3BB6 /* GistsTargetTypeTests.swift */ = {isa = PBXFileReference; lastKnownFileType = sourcecode.swift; path = GistsTargetTypeTests.swift; sourceTree = "<group>"; };
		B6DEC57CCAEBF97C05A28776 /* MoyaGistsRepository.swift */ = {isa = PBXFileReference; lastKnownFileType = sourcecode.swift; path = MoyaGistsRepository.swift; sourceTree = "<group>"; };
		C3A1B8D65461D5D5E9731B23 /* GistDigestResponse.swift */ = {isa = PBXFileReference; lastKnownFileType = sourcecode.swift; path = GistDigestResponse.swift; sourceTree = "<group>"; };
		CEDED47D3CB00245DD4387EE /* MoyaGistsRepositoryTests.swift */ = {isa = PBXFileReference; lastKnownFileType = sourcecode.swift; path = MoyaGistsRepositoryTests.swift; sourceTree = "<group>"; };
		DC5F29E0B0E2E2D5565C9954 /* RepositoryTestUtils.framework */ = {isa = PBXFileReference; explicitFileType = wrapper.framework; includeInIndex = 0; path = RepositoryTestUtils.framework; sourceTree = BUILT_PRODUCTS_DIR; };
		E1CF5A5723463FBA680482E4 /* GistDigestReponse+Mappers.swift */ = {isa = PBXFileReference; lastKnownFileType = sourcecode.swift; path = "GistDigestReponse+Mappers.swift"; sourceTree = "<group>"; };
		E2C3A90CD37D8C7437E503C3 /* GistDigest+Mappers.swift */ = {isa = PBXFileReference; lastKnownFileType = sourcecode.swift; path = "GistDigest+Mappers.swift"; sourceTree = "<group>"; };
		E5A99D22905F1FECADAA14B5 /* PublicGistsRequestTests.swift */ = {isa = PBXFileReference; lastKnownFileType = sourcecode.swift; path = PublicGistsRequestTests.swift; sourceTree = "<group>"; };
/* End PBXFileReference section */

/* Begin PBXFrameworksBuildPhase section */
		0FB70FF4FEA1761F17FE1173 /* Frameworks */ = {
			isa = PBXFrameworksBuildPhase;
			buildActionMask = 2147483647;
			files = (
				EFE6DADF83DEE9E7242AFDD4 /* Domain.framework in Frameworks */,
				5525D12BC58F2C5AA01E1C82 /* Utils.framework in Frameworks */,
				0BFE2F6CE791CC18BFAB58B5 /* CodableFirebase in Frameworks */,
				6A511DA11247ED71A57A0658 /* FirebaseDatabase in Frameworks */,
				72F96108D4CB99881AD97A64 /* Moya in Frameworks */,
			);
			runOnlyForDeploymentPostprocessing = 0;
		};
		38FFD09AE8882DA767050547 /* Frameworks */ = {
			isa = PBXFrameworksBuildPhase;
			buildActionMask = 2147483647;
			files = (
				8CBB4B4C88645F03E1B4F79F /* XCTest.framework in Frameworks */,
				17C8D524B24E1840B0B877EC /* DomainTestUtils.framework in Frameworks */,
				065CDD9E3F159CCEC6E1A6C0 /* Repository.framework in Frameworks */,
				D4643C42E5009783840BFC91 /* UtilsTestUtils.framework in Frameworks */,
			);
			runOnlyForDeploymentPostprocessing = 0;
		};
		49F9D2BD7382CE5FEDF9801E /* Frameworks */ = {
			isa = PBXFrameworksBuildPhase;
			buildActionMask = 2147483647;
			files = (
				636BCA2DCC677D311904BB62 /* Repository.framework in Frameworks */,
			);
			runOnlyForDeploymentPostprocessing = 0;
		};
/* End PBXFrameworksBuildPhase section */

/* Begin PBXGroup section */
		2D734AC98FF0BE5BAB8E93F5 /* Sources */ = {
			isa = PBXGroup;
			children = (
				BCB9118385F55A5EBECBEB43 /* DataSource */,
				F216BAD4F4FA24CB51E09987 /* Mappers */,
				A7D01549454C0F77CEE4775B /* Repository */,
				3D50E32BC6A565CC2542A901 /* Requests */,
				B3949926AA683E242040E294 /* Responses */,
			);
			path = Sources;
			sourceTree = "<group>";
		};
		30C43E8EA9B6C79EA149DB1D /* Sources */ = {
			isa = PBXGroup;
			children = (
				4FF2EC581537E556A3D4FB08 /* Mappers */,
				FB6A5CBAB46B02F07E2F111D /* Repository */,
				EB9E3444AF1203F9230FF95E /* Requests */,
				667B20AE5E17F1600B224511 /* Responses */,
			);
			path = Sources;
			sourceTree = "<group>";
		};
		3D50E32BC6A565CC2542A901 /* Requests */ = {
			isa = PBXGroup;
			children = (
				53F8A3C5D849CE28FECCAD30 /* GistsTargetType.swift */,
				9D56303EF68BD4BC8C7CC8D6 /* PublicGistsRequest.swift */,
			);
			path = Requests;
			sourceTree = "<group>";
		};
		40D2E54445243144004079D1 /* Derived */ = {
			isa = PBXGroup;
			children = (
				D7DB4D9797325E8956FD46BB /* InfoPlists */,
			);
			path = Derived;
			sourceTree = "<group>";
		};
		4CBA9A858B0C70334F132096 /* Project */ = {
			isa = PBXGroup;
			children = (
				40D2E54445243144004079D1 /* Derived */,
				2D734AC98FF0BE5BAB8E93F5 /* Sources */,
				BAA56FDAD1849ABCE3AF5D5B /* Tests */,
			);
			name = Project;
			sourceTree = "<group>";
		};
		4FF2EC581537E556A3D4FB08 /* Mappers */ = {
			isa = PBXGroup;
			children = (
				8111BA735A38F6EB596E309D /* GistDigestResponseMapperTests.swift */,
			);
			path = Mappers;
			sourceTree = "<group>";
		};
		5DD9E0D03C122068948E3C8D = {
			isa = PBXGroup;
			children = (
				4CBA9A858B0C70334F132096 /* Project */,
				AAE649489D78DD6539EEB5FF /* Frameworks */,
				B9E40665B322982A6453CC4E /* Products */,
			);
			sourceTree = "<group>";
		};
		667B20AE5E17F1600B224511 /* Responses */ = {
			isa = PBXGroup;
			children = (
				9C3C0CCF356C621979959D8A /* GistDigestResponseTests.swift */,
			);
			path = Responses;
			sourceTree = "<group>";
		};
		7165D278FEF9A6B96231D570 /* Fixtures */ = {
			isa = PBXGroup;
			children = (
				1E3DA4065AC4A6055109030D /* GistDigestResponse+Fixtures.swift */,
			);
			path = Fixtures;
			sourceTree = "<group>";
		};
		72D595A23A1D82E69899B695 /* Doubles */ = {
			isa = PBXGroup;
			children = (
				11C1D5AB1A25C276253D34D9 /* BookmarksRepositorySpy.swift */,
				907D41514F21AD44CEE5E20D /* MoyaDataSourceSpy.swift */,
			);
			path = Doubles;
			sourceTree = "<group>";
		};
		79C87D6927606F1B41E319BA /* Utils */ = {
			isa = PBXGroup;
			children = (
				72D595A23A1D82E69899B695 /* Doubles */,
				7165D278FEF9A6B96231D570 /* Fixtures */,
			);
			path = Utils;
			sourceTree = "<group>";
		};
		A7D01549454C0F77CEE4775B /* Repository */ = {
			isa = PBXGroup;
			children = (
				9C3B1CEA8275BADC44C0238F /* FirebaseBookmarksRepository.swift */,
				B6DEC57CCAEBF97C05A28776 /* MoyaGistsRepository.swift */,
			);
			path = Repository;
			sourceTree = "<group>";
		};
		AAE649489D78DD6539EEB5FF /* Frameworks */ = {
			isa = PBXGroup;
			children = (
				02B350A2972AA46C2249C278 /* XCTest.framework */,
			);
			name = Frameworks;
			sourceTree = "<group>";
		};
		B3949926AA683E242040E294 /* Responses */ = {
			isa = PBXGroup;
			children = (
				C3A1B8D65461D5D5E9731B23 /* GistDigestResponse.swift */,
			);
			path = Responses;
			sourceTree = "<group>";
		};
		B9E40665B322982A6453CC4E /* Products */ = {
			isa = PBXGroup;
			children = (
				3AFE550790A55315F6BAC7CE /* Domain.framework */,
				2878BB1A59955DFC6FDEB5AF /* DomainTestUtils.framework */,
				03D39D8FFA6B36EC82B3C778 /* Repository.framework */,
				18618E5B5CE8E0BEE5F43988 /* RepositoryTests.xctest */,
				DC5F29E0B0E2E2D5565C9954 /* RepositoryTestUtils.framework */,
				61A51664422F0E86EAC1CF44 /* Utils.framework */,
				96CB09F2394D097B81B38CEC /* UtilsTestUtils.framework */,
			);
			name = Products;
			sourceTree = "<group>";
		};
		BAA56FDAD1849ABCE3AF5D5B /* Tests */ = {
			isa = PBXGroup;
			children = (
				30C43E8EA9B6C79EA149DB1D /* Sources */,
				79C87D6927606F1B41E319BA /* Utils */,
			);
			path = Tests;
			sourceTree = "<group>";
		};
		BCB9118385F55A5EBECBEB43 /* DataSource */ = {
			isa = PBXGroup;
			children = (
				4BCAA7F7CD08E00C4E7D0DCF /* FirebaseDataSource.swift */,
				7709331EBE864F80FE7E8AE0 /* MoyaDataSource.swift */,
			);
			path = DataSource;
			sourceTree = "<group>";
		};
		D7DB4D9797325E8956FD46BB /* InfoPlists */ = {
			isa = PBXGroup;
			children = (
				394AE36E4AF5950DBB23E5B4 /* Repository.plist */,
				07715FAEE18624800FF41930 /* RepositoryTests.plist */,
				61483526265C315E72AF1CC3 /* RepositoryTestUtils.plist */,
			);
			path = InfoPlists;
			sourceTree = "<group>";
		};
		EB9E3444AF1203F9230FF95E /* Requests */ = {
			isa = PBXGroup;
			children = (
				9DE6DDB50437E00379AA3BB6 /* GistsTargetTypeTests.swift */,
				E5A99D22905F1FECADAA14B5 /* PublicGistsRequestTests.swift */,
			);
			path = Requests;
			sourceTree = "<group>";
		};
		F216BAD4F4FA24CB51E09987 /* Mappers */ = {
			isa = PBXGroup;
			children = (
				E2C3A90CD37D8C7437E503C3 /* GistDigest+Mappers.swift */,
				E1CF5A5723463FBA680482E4 /* GistDigestReponse+Mappers.swift */,
			);
			path = Mappers;
			sourceTree = "<group>";
		};
		FB6A5CBAB46B02F07E2F111D /* Repository */ = {
			isa = PBXGroup;
			children = (
				CEDED47D3CB00245DD4387EE /* MoyaGistsRepositoryTests.swift */,
			);
			path = Repository;
			sourceTree = "<group>";
		};
/* End PBXGroup section */

/* Begin PBXNativeTarget section */
		1D2AB1734E89DD04E08514BF /* Repository */ = {
			isa = PBXNativeTarget;
			buildConfigurationList = D3D537516A62B1120ED0BF47 /* Build configuration list for PBXNativeTarget "Repository" */;
			buildPhases = (
				9E07F934F5242885DDEE70C1 /* Sources */,
				AE11C0459D6E006BEEFBCC7B /* Resources */,
				AFB4D5E5466B4DFB974E7715 /* Embed Precompiled Frameworks */,
				40F1B57B9AB1628D70BD01D4 /* Embed Frameworks */,
				0FB70FF4FEA1761F17FE1173 /* Frameworks */,
			);
			buildRules = (
			);
			dependencies = (
			);
			name = Repository;
			packageProductDependencies = (
				9F8182236AAA9809985E1D0B /* CodableFirebase */,
				B4FADB55656C61286023A28A /* FirebaseDatabase */,
				715E585B41FB65BDF56DDBCE /* Moya */,
			);
			productName = Repository;
			productReference = 03D39D8FFA6B36EC82B3C778 /* Repository.framework */;
			productType = "com.apple.product-type.framework";
		};
		DE3DDFC12CFFB84E5DCEA232 /* RepositoryTestUtils */ = {
			isa = PBXNativeTarget;
			buildConfigurationList = 80F95B3B2CB3F051D67C7BEF /* Build configuration list for PBXNativeTarget "RepositoryTestUtils" */;
			buildPhases = (
				9C9691FBDF5FEFF66996D31C /* Sources */,
				CB61F60C7C0CEBF080B721EB /* Resources */,
				CB3741DDFB3E3F44D9EC9017 /* Embed Precompiled Frameworks */,
				86B8C3B9168E1D0CC96D6A58 /* Embed Frameworks */,
				49F9D2BD7382CE5FEDF9801E /* Frameworks */,
			);
			buildRules = (
			);
			dependencies = (
				913EE640A4D7E87F0A770751 /* PBXTargetDependency */,
			);
			name = RepositoryTestUtils;
			productName = RepositoryTestUtils;
			productReference = DC5F29E0B0E2E2D5565C9954 /* RepositoryTestUtils.framework */;
			productType = "com.apple.product-type.framework";
		};
		E227DA11F88E56EFAEBAD447 /* RepositoryTests */ = {
			isa = PBXNativeTarget;
			buildConfigurationList = 3DA6B3319816C335CB014CC5 /* Build configuration list for PBXNativeTarget "RepositoryTests" */;
			buildPhases = (
				A8A9C3444CF567EF2CB598FD /* Sources */,
				6D03AC647552D7EADB48606C /* Resources */,
				133FB7B54C97CA6BD330EE58 /* Embed Precompiled Frameworks */,
				91EE5845A923942DC21F97E3 /* Embed Frameworks */,
				38FFD09AE8882DA767050547 /* Frameworks */,
			);
			buildRules = (
			);
			dependencies = (
				DB292DB2F9379AEE25A91680 /* PBXTargetDependency */,
			);
			name = RepositoryTests;
			productName = RepositoryTests;
			productReference = 18618E5B5CE8E0BEE5F43988 /* RepositoryTests.xctest */;
			productType = "com.apple.product-type.bundle.unit-test";
		};
/* End PBXNativeTarget section */

/* Begin PBXProject section */
		D776D4FCF51BF7CA8714C709 /* Project object */ = {
			isa = PBXProject;
			attributes = {
				TargetAttributes = {
				};
			};
			buildConfigurationList = DAEAABCA4F1BDA57B6C50343 /* Build configuration list for PBXProject "Repository" */;
			compatibilityVersion = "Xcode 9.3";
			developmentRegion = en;
			hasScannedForEncodings = 0;
			knownRegions = (
				Base,
				en,
			);
			mainGroup = 5DD9E0D03C122068948E3C8D;
			packageReferences = (
				D42D8D07BD5451F09313344C /* XCRemoteSwiftPackageReference "Moya" */,
				5FC86D1FCD46CFE735956188 /* XCRemoteSwiftPackageReference "CodableFirebase" */,
				C455A95216FFDC5B187657EA /* XCRemoteSwiftPackageReference "firebase-ios-sdk" */,
			);
			productRefGroup = B9E40665B322982A6453CC4E /* Products */;
			projectDirPath = "";
			projectRoot = "";
			targets = (
				1D2AB1734E89DD04E08514BF /* Repository */,
				E227DA11F88E56EFAEBAD447 /* RepositoryTests */,
				DE3DDFC12CFFB84E5DCEA232 /* RepositoryTestUtils */,
			);
		};
/* End PBXProject section */

/* Begin PBXResourcesBuildPhase section */
		6D03AC647552D7EADB48606C /* Resources */ = {
			isa = PBXResourcesBuildPhase;
			buildActionMask = 2147483647;
			files = (
			);
			runOnlyForDeploymentPostprocessing = 0;
		};
		AE11C0459D6E006BEEFBCC7B /* Resources */ = {
			isa = PBXResourcesBuildPhase;
			buildActionMask = 2147483647;
			files = (
			);
			runOnlyForDeploymentPostprocessing = 0;
		};
		CB61F60C7C0CEBF080B721EB /* Resources */ = {
			isa = PBXResourcesBuildPhase;
			buildActionMask = 2147483647;
			files = (
			);
			runOnlyForDeploymentPostprocessing = 0;
		};
/* End PBXResourcesBuildPhase section */

/* Begin PBXShellScriptBuildPhase section */
		133FB7B54C97CA6BD330EE58 /* Embed Precompiled Frameworks */ = {
			isa = PBXShellScriptBuildPhase;
			buildActionMask = 2147483647;
			files = (
			);
			inputPaths = (
			);
			name = "Embed Precompiled Frameworks";
			outputPaths = (
			);
			runOnlyForDeploymentPostprocessing = 0;
			shellPath = /bin/sh;
			shellScript = "echo \"Skipping, nothing to be embedded.\"";
		};
		AFB4D5E5466B4DFB974E7715 /* Embed Precompiled Frameworks */ = {
			isa = PBXShellScriptBuildPhase;
			buildActionMask = 2147483647;
			files = (
			);
			inputPaths = (
			);
			name = "Embed Precompiled Frameworks";
			outputPaths = (
			);
			runOnlyForDeploymentPostprocessing = 0;
			shellPath = /bin/sh;
			shellScript = "echo \"Skipping, nothing to be embedded.\"";
		};
		CB3741DDFB3E3F44D9EC9017 /* Embed Precompiled Frameworks */ = {
			isa = PBXShellScriptBuildPhase;
			buildActionMask = 2147483647;
			files = (
			);
			inputPaths = (
			);
			name = "Embed Precompiled Frameworks";
			outputPaths = (
			);
			runOnlyForDeploymentPostprocessing = 0;
			shellPath = /bin/sh;
			shellScript = "echo \"Skipping, nothing to be embedded.\"";
		};
/* End PBXShellScriptBuildPhase section */

/* Begin PBXSourcesBuildPhase section */
		9C9691FBDF5FEFF66996D31C /* Sources */ = {
			isa = PBXSourcesBuildPhase;
			buildActionMask = 2147483647;
			files = (
				795758CD79D9537403B985BD /* BookmarksRepositorySpy.swift in Sources */,
				D39B6479655EAD9D1203ABB2 /* MoyaDataSourceSpy.swift in Sources */,
				9C91A8C591C6C273E955BCAC /* GistDigestResponse+Fixtures.swift in Sources */,
			);
			runOnlyForDeploymentPostprocessing = 0;
		};
		9E07F934F5242885DDEE70C1 /* Sources */ = {
			isa = PBXSourcesBuildPhase;
			buildActionMask = 2147483647;
			files = (
				CF3E0A6F70FA5140B749C3CA /* FirebaseDataSource.swift in Sources */,
				2C57ABBCD23F294631982830 /* MoyaDataSource.swift in Sources */,
				C2EE7E41667DC7004258A336 /* GistDigest+Mappers.swift in Sources */,
				A245D11D870C6D5694A77A5D /* GistDigestReponse+Mappers.swift in Sources */,
				3D508A96EEC778DB188B909F /* FirebaseBookmarksRepository.swift in Sources */,
				67E28A865EF1E253234AC5D0 /* MoyaGistsRepository.swift in Sources */,
				6C19850AD1BE657A3391154F /* GistsTargetType.swift in Sources */,
				01B8B198A326BD912862764F /* PublicGistsRequest.swift in Sources */,
				E3437D8804FB751CD8FCEE82 /* GistDigestResponse.swift in Sources */,
			);
			runOnlyForDeploymentPostprocessing = 0;
		};
		A8A9C3444CF567EF2CB598FD /* Sources */ = {
			isa = PBXSourcesBuildPhase;
			buildActionMask = 2147483647;
			files = (
				3C0BBE8D6B4DF7C353B880C5 /* GistDigestResponseMapperTests.swift in Sources */,
				A1622352C5FD850D837574A9 /* MoyaGistsRepositoryTests.swift in Sources */,
				32D78910ED4BFE722E9A2A58 /* GistsTargetTypeTests.swift in Sources */,
				3BC2BB82E77F686E93263DAE /* PublicGistsRequestTests.swift in Sources */,
				6D79E349F86DD88743F5AE65 /* GistDigestResponseTests.swift in Sources */,
				F40DCCAA6E476E8D56E983FB /* BookmarksRepositorySpy.swift in Sources */,
				6A7A5829DA8C8E36BCEC1A52 /* MoyaDataSourceSpy.swift in Sources */,
				CBC9AACA1612FECCEB4733A3 /* GistDigestResponse+Fixtures.swift in Sources */,
			);
			runOnlyForDeploymentPostprocessing = 0;
		};
/* End PBXSourcesBuildPhase section */

/* Begin PBXTargetDependency section */
		913EE640A4D7E87F0A770751 /* PBXTargetDependency */ = {
			isa = PBXTargetDependency;
			name = Repository;
			target = 1D2AB1734E89DD04E08514BF /* Repository */;
			targetProxy = F8DEA0D2DF29808532980504 /* PBXContainerItemProxy */;
		};
		DB292DB2F9379AEE25A91680 /* PBXTargetDependency */ = {
			isa = PBXTargetDependency;
			name = Repository;
			target = 1D2AB1734E89DD04E08514BF /* Repository */;
			targetProxy = 4E116046ECD9E7E0E00E27AA /* PBXContainerItemProxy */;
		};
/* End PBXTargetDependency section */

/* Begin XCBuildConfiguration section */
		0C6A620A4C8E345E889E938A /* Release */ = {
			isa = XCBuildConfiguration;
			buildSettings = {
				CODE_SIGN_IDENTITY = "iPhone Developer";
				FRAMEWORK_SEARCH_PATHS = (
					"$(inherited)",
					"$(PLATFORM_DIR)/Developer/Library/Frameworks",
				);
				INFOPLIST_FILE = "$(SRCROOT)/Derived/InfoPlists/RepositoryTests.plist";
				LD_RUNPATH_SEARCH_PATHS = (
					"$(inherited)",
					"@executable_path/Frameworks",
					"@loader_path/Frameworks",
				);
				PRODUCT_BUNDLE_IDENTIFIER = io.tuist.RepositoryTests;
				PRODUCT_NAME = RepositoryTests;
				SDKROOT = iphoneos;
				SUPPORTED_PLATFORMS = "iphonesimulator iphoneos";
				SWIFT_COMPILATION_MODE = wholemodule;
				SWIFT_OPTIMIZATION_LEVEL = "-Owholemodule";
				SWIFT_VERSION = 5.3.2;
				TARGETED_DEVICE_FAMILY = "1,2";
			};
			name = Release;
		};
		61478DDBA014658E99BA343A /* Debug */ = {
			isa = XCBuildConfiguration;
			buildSettings = {
				CODE_SIGN_IDENTITY = "";
				CURRENT_PROJECT_VERSION = 1;
				DEFINES_MODULE = YES;
				DYLIB_COMPATIBILITY_VERSION = 1;
				DYLIB_CURRENT_VERSION = 1;
				DYLIB_INSTALL_NAME_BASE = "@rpath";
				INFOPLIST_FILE = "$(SRCROOT)/Derived/InfoPlists/RepositoryTestUtils.plist";
				INSTALL_PATH = "$(LOCAL_LIBRARY_DIR)/Frameworks";
				LD_RUNPATH_SEARCH_PATHS = (
					"$(inherited)",
					"@executable_path/Frameworks",
					"@loader_path/Frameworks",
				);
				PRODUCT_BUNDLE_IDENTIFIER = io.tuist.RepositoryTestUtils;
				PRODUCT_NAME = RepositoryTestUtils;
				SDKROOT = iphoneos;
				SKIP_INSTALL = YES;
				SUPPORTED_PLATFORMS = "iphonesimulator iphoneos";
				SWIFT_ACTIVE_COMPILATION_CONDITIONS = DEBUG;
				SWIFT_COMPILATION_MODE = singlefile;
				SWIFT_OPTIMIZATION_LEVEL = "-Onone";
				SWIFT_VERSION = 5.3.2;
				TARGETED_DEVICE_FAMILY = "1,2";
				VERSIONING_SYSTEM = "apple-generic";
				VERSION_INFO_PREFIX = "";
			};
			name = Debug;
		};
		83B18C5CDD1A1C8F2A36E6F2 /* Debug */ = {
			isa = XCBuildConfiguration;
			buildSettings = {
				CODE_SIGN_IDENTITY = "iPhone Developer";
				FRAMEWORK_SEARCH_PATHS = (
					"$(inherited)",
					"$(PLATFORM_DIR)/Developer/Library/Frameworks",
				);
				INFOPLIST_FILE = "$(SRCROOT)/Derived/InfoPlists/RepositoryTests.plist";
				LD_RUNPATH_SEARCH_PATHS = (
					"$(inherited)",
					"@executable_path/Frameworks",
					"@loader_path/Frameworks",
				);
				PRODUCT_BUNDLE_IDENTIFIER = io.tuist.RepositoryTests;
				PRODUCT_NAME = RepositoryTests;
				SDKROOT = iphoneos;
				SUPPORTED_PLATFORMS = "iphonesimulator iphoneos";
				SWIFT_ACTIVE_COMPILATION_CONDITIONS = DEBUG;
				SWIFT_COMPILATION_MODE = singlefile;
				SWIFT_OPTIMIZATION_LEVEL = "-Onone";
				SWIFT_VERSION = 5.3.2;
				TARGETED_DEVICE_FAMILY = "1,2";
			};
			name = Debug;
		};
		8A8C5921ED469D6D4673BC6C /* Release */ = {
			isa = XCBuildConfiguration;
			buildSettings = {
				CODE_SIGN_IDENTITY = "";
				CURRENT_PROJECT_VERSION = 1;
				DEFINES_MODULE = YES;
				DYLIB_COMPATIBILITY_VERSION = 1;
				DYLIB_CURRENT_VERSION = 1;
				DYLIB_INSTALL_NAME_BASE = "@rpath";
				INFOPLIST_FILE = "$(SRCROOT)/Derived/InfoPlists/Repository.plist";
				INSTALL_PATH = "$(LOCAL_LIBRARY_DIR)/Frameworks";
				LD_RUNPATH_SEARCH_PATHS = (
					"$(inherited)",
					"@executable_path/Frameworks",
					"@loader_path/Frameworks",
				);
				PRODUCT_BUNDLE_IDENTIFIER = io.tuist.Repository;
				PRODUCT_NAME = Repository;
				SDKROOT = iphoneos;
				SKIP_INSTALL = YES;
				SUPPORTED_PLATFORMS = "iphonesimulator iphoneos";
				SWIFT_COMPILATION_MODE = wholemodule;
				SWIFT_OPTIMIZATION_LEVEL = "-Owholemodule";
				SWIFT_VERSION = 5.3.2;
				TARGETED_DEVICE_FAMILY = "1,2";
				VERSIONING_SYSTEM = "apple-generic";
				VERSION_INFO_PREFIX = "";
			};
			name = Release;
		};
		CA3FE08D945806877F69B4FC /* Debug */ = {
			isa = XCBuildConfiguration;
			buildSettings = {
				ALWAYS_SEARCH_USER_PATHS = NO;
				CLANG_ANALYZER_NONNULL = YES;
				CLANG_ANALYZER_NUMBER_OBJECT_CONVERSION = YES_AGGRESSIVE;
				CLANG_CXX_LANGUAGE_STANDARD = "gnu++14";
				CLANG_CXX_LIBRARY = "libc++";
				CLANG_ENABLE_MODULES = YES;
				CLANG_ENABLE_OBJC_ARC = YES;
				CLANG_ENABLE_OBJC_WEAK = YES;
				CLANG_WARN_BLOCK_CAPTURE_AUTORELEASING = YES;
				CLANG_WARN_BOOL_CONVERSION = YES;
				CLANG_WARN_COMMA = YES;
				CLANG_WARN_CONSTANT_CONVERSION = YES;
				CLANG_WARN_DEPRECATED_OBJC_IMPLEMENTATIONS = YES;
				CLANG_WARN_DIRECT_OBJC_ISA_USAGE = YES_ERROR;
				CLANG_WARN_DOCUMENTATION_COMMENTS = YES;
				CLANG_WARN_EMPTY_BODY = YES;
				CLANG_WARN_ENUM_CONVERSION = YES;
				CLANG_WARN_INFINITE_RECURSION = YES;
				CLANG_WARN_INT_CONVERSION = YES;
				CLANG_WARN_NON_LITERAL_NULL_CONVERSION = YES;
				CLANG_WARN_OBJC_IMPLICIT_RETAIN_SELF = YES;
				CLANG_WARN_OBJC_LITERAL_CONVERSION = YES;
				CLANG_WARN_OBJC_ROOT_CLASS = YES_ERROR;
				CLANG_WARN_RANGE_LOOP_ANALYSIS = YES;
				CLANG_WARN_STRICT_PROTOTYPES = YES;
				CLANG_WARN_SUSPICIOUS_MOVE = YES;
				CLANG_WARN_UNGUARDED_AVAILABILITY = YES_AGGRESSIVE;
				CLANG_WARN_UNREACHABLE_CODE = YES;
				CLANG_WARN__DUPLICATE_METHOD_MATCH = YES;
				COPY_PHASE_STRIP = NO;
				DEBUG_INFORMATION_FORMAT = dwarf;
				ENABLE_STRICT_OBJC_MSGSEND = YES;
				ENABLE_TESTABILITY = YES;
				GCC_C_LANGUAGE_STANDARD = gnu11;
				GCC_DYNAMIC_NO_PIC = NO;
				GCC_NO_COMMON_BLOCKS = YES;
				GCC_OPTIMIZATION_LEVEL = 0;
				GCC_PREPROCESSOR_DEFINITIONS = (
					"DEBUG=1",
					"$(inherited)",
				);
				GCC_WARN_64_TO_32_BIT_CONVERSION = YES;
				GCC_WARN_ABOUT_RETURN_TYPE = YES_ERROR;
				GCC_WARN_UNDECLARED_SELECTOR = YES;
				GCC_WARN_UNINITIALIZED_AUTOS = YES_AGGRESSIVE;
				GCC_WARN_UNUSED_FUNCTION = YES;
				GCC_WARN_UNUSED_VARIABLE = YES;
				MTL_ENABLE_DEBUG_INFO = YES;
				ONLY_ACTIVE_ARCH = YES;
				PRODUCT_NAME = "$(TARGET_NAME)";
			};
			name = Debug;
		};
		CC8001B666D8100D543BE79C /* Release */ = {
			isa = XCBuildConfiguration;
			buildSettings = {
				ALWAYS_SEARCH_USER_PATHS = NO;
				CLANG_ANALYZER_NONNULL = YES;
				CLANG_ANALYZER_NUMBER_OBJECT_CONVERSION = YES_AGGRESSIVE;
				CLANG_CXX_LANGUAGE_STANDARD = "gnu++14";
				CLANG_CXX_LIBRARY = "libc++";
				CLANG_ENABLE_MODULES = YES;
				CLANG_ENABLE_OBJC_ARC = YES;
				CLANG_ENABLE_OBJC_WEAK = YES;
				CLANG_WARN_BLOCK_CAPTURE_AUTORELEASING = YES;
				CLANG_WARN_BOOL_CONVERSION = YES;
				CLANG_WARN_COMMA = YES;
				CLANG_WARN_CONSTANT_CONVERSION = YES;
				CLANG_WARN_DEPRECATED_OBJC_IMPLEMENTATIONS = YES;
				CLANG_WARN_DIRECT_OBJC_ISA_USAGE = YES_ERROR;
				CLANG_WARN_DOCUMENTATION_COMMENTS = YES;
				CLANG_WARN_EMPTY_BODY = YES;
				CLANG_WARN_ENUM_CONVERSION = YES;
				CLANG_WARN_INFINITE_RECURSION = YES;
				CLANG_WARN_INT_CONVERSION = YES;
				CLANG_WARN_NON_LITERAL_NULL_CONVERSION = YES;
				CLANG_WARN_OBJC_IMPLICIT_RETAIN_SELF = YES;
				CLANG_WARN_OBJC_LITERAL_CONVERSION = YES;
				CLANG_WARN_OBJC_ROOT_CLASS = YES_ERROR;
				CLANG_WARN_RANGE_LOOP_ANALYSIS = YES;
				CLANG_WARN_STRICT_PROTOTYPES = YES;
				CLANG_WARN_SUSPICIOUS_MOVE = YES;
				CLANG_WARN_UNGUARDED_AVAILABILITY = YES_AGGRESSIVE;
				CLANG_WARN_UNREACHABLE_CODE = YES;
				CLANG_WARN__DUPLICATE_METHOD_MATCH = YES;
				COPY_PHASE_STRIP = NO;
				DEBUG_INFORMATION_FORMAT = "dwarf-with-dsym";
				ENABLE_NS_ASSERTIONS = NO;
				ENABLE_STRICT_OBJC_MSGSEND = YES;
				GCC_C_LANGUAGE_STANDARD = gnu11;
				GCC_NO_COMMON_BLOCKS = YES;
				GCC_WARN_64_TO_32_BIT_CONVERSION = YES;
				GCC_WARN_ABOUT_RETURN_TYPE = YES_ERROR;
				GCC_WARN_UNDECLARED_SELECTOR = YES;
				GCC_WARN_UNINITIALIZED_AUTOS = YES_AGGRESSIVE;
				GCC_WARN_UNUSED_FUNCTION = YES;
				GCC_WARN_UNUSED_VARIABLE = YES;
				MTL_ENABLE_DEBUG_INFO = NO;
				PRODUCT_NAME = "$(TARGET_NAME)";
				VALIDATE_PRODUCT = YES;
			};
			name = Release;
		};
		D7ADFBB600AE21104AEB4E3E /* Release */ = {
			isa = XCBuildConfiguration;
			buildSettings = {
				CODE_SIGN_IDENTITY = "";
				CURRENT_PROJECT_VERSION = 1;
				DEFINES_MODULE = YES;
				DYLIB_COMPATIBILITY_VERSION = 1;
				DYLIB_CURRENT_VERSION = 1;
				DYLIB_INSTALL_NAME_BASE = "@rpath";
				INFOPLIST_FILE = "$(SRCROOT)/Derived/InfoPlists/RepositoryTestUtils.plist";
				INSTALL_PATH = "$(LOCAL_LIBRARY_DIR)/Frameworks";
				LD_RUNPATH_SEARCH_PATHS = (
					"$(inherited)",
					"@executable_path/Frameworks",
					"@loader_path/Frameworks",
				);
				PRODUCT_BUNDLE_IDENTIFIER = io.tuist.RepositoryTestUtils;
				PRODUCT_NAME = RepositoryTestUtils;
				SDKROOT = iphoneos;
				SKIP_INSTALL = YES;
				SUPPORTED_PLATFORMS = "iphonesimulator iphoneos";
				SWIFT_COMPILATION_MODE = wholemodule;
				SWIFT_OPTIMIZATION_LEVEL = "-Owholemodule";
				SWIFT_VERSION = 5.3.2;
				TARGETED_DEVICE_FAMILY = "1,2";
				VERSIONING_SYSTEM = "apple-generic";
				VERSION_INFO_PREFIX = "";
			};
			name = Release;
		};
		DFA7F6136B4271C0218EC53C /* Debug */ = {
			isa = XCBuildConfiguration;
			buildSettings = {
				CODE_SIGN_IDENTITY = "";
				CURRENT_PROJECT_VERSION = 1;
				DEFINES_MODULE = YES;
				DYLIB_COMPATIBILITY_VERSION = 1;
				DYLIB_CURRENT_VERSION = 1;
				DYLIB_INSTALL_NAME_BASE = "@rpath";
				INFOPLIST_FILE = "$(SRCROOT)/Derived/InfoPlists/Repository.plist";
				INSTALL_PATH = "$(LOCAL_LIBRARY_DIR)/Frameworks";
				LD_RUNPATH_SEARCH_PATHS = (
					"$(inherited)",
					"@executable_path/Frameworks",
					"@loader_path/Frameworks",
				);
				PRODUCT_BUNDLE_IDENTIFIER = io.tuist.Repository;
				PRODUCT_NAME = Repository;
				SDKROOT = iphoneos;
				SKIP_INSTALL = YES;
				SUPPORTED_PLATFORMS = "iphonesimulator iphoneos";
				SWIFT_ACTIVE_COMPILATION_CONDITIONS = DEBUG;
				SWIFT_COMPILATION_MODE = singlefile;
				SWIFT_OPTIMIZATION_LEVEL = "-Onone";
				SWIFT_VERSION = 5.3.2;
				TARGETED_DEVICE_FAMILY = "1,2";
				VERSIONING_SYSTEM = "apple-generic";
				VERSION_INFO_PREFIX = "";
			};
			name = Debug;
		};
/* End XCBuildConfiguration section */

/* Begin XCConfigurationList section */
		3DA6B3319816C335CB014CC5 /* Build configuration list for PBXNativeTarget "RepositoryTests" */ = {
			isa = XCConfigurationList;
			buildConfigurations = (
				83B18C5CDD1A1C8F2A36E6F2 /* Debug */,
				0C6A620A4C8E345E889E938A /* Release */,
			);
			defaultConfigurationIsVisible = 0;
			defaultConfigurationName = Release;
		};
		80F95B3B2CB3F051D67C7BEF /* Build configuration list for PBXNativeTarget "RepositoryTestUtils" */ = {
			isa = XCConfigurationList;
			buildConfigurations = (
				61478DDBA014658E99BA343A /* Debug */,
				D7ADFBB600AE21104AEB4E3E /* Release */,
			);
			defaultConfigurationIsVisible = 0;
			defaultConfigurationName = Release;
		};
		D3D537516A62B1120ED0BF47 /* Build configuration list for PBXNativeTarget "Repository" */ = {
			isa = XCConfigurationList;
			buildConfigurations = (
				DFA7F6136B4271C0218EC53C /* Debug */,
				8A8C5921ED469D6D4673BC6C /* Release */,
			);
			defaultConfigurationIsVisible = 0;
			defaultConfigurationName = Release;
		};
		DAEAABCA4F1BDA57B6C50343 /* Build configuration list for PBXProject "Repository" */ = {
			isa = XCConfigurationList;
			buildConfigurations = (
				CA3FE08D945806877F69B4FC /* Debug */,
				CC8001B666D8100D543BE79C /* Release */,
			);
			defaultConfigurationIsVisible = 0;
			defaultConfigurationName = Release;
		};
/* End XCConfigurationList section */

/* Begin XCRemoteSwiftPackageReference section */
		5FC86D1FCD46CFE735956188 /* XCRemoteSwiftPackageReference "CodableFirebase" */ = {
			isa = XCRemoteSwiftPackageReference;
			repositoryURL = "https://github.com/alickbass/CodableFirebase.git";
			requirement = {
				kind = upToNextMajorVersion;
				minimumVersion = 0.2.0;
			};
		};
		C455A95216FFDC5B187657EA /* XCRemoteSwiftPackageReference "firebase-ios-sdk" */ = {
			isa = XCRemoteSwiftPackageReference;
			repositoryURL = "https://github.com/firebase/firebase-ios-sdk.git";
			requirement = {
				kind = upToNextMajorVersion;
				minimumVersion = 7.7.0;
			};
		};
		D42D8D07BD5451F09313344C /* XCRemoteSwiftPackageReference "Moya" */ = {
			isa = XCRemoteSwiftPackageReference;
			repositoryURL = "https://github.com/Moya/Moya.git";
			requirement = {
				kind = upToNextMajorVersion;
				minimumVersion = 14.0.0;
			};
		};
/* End XCRemoteSwiftPackageReference section */

/* Begin XCSwiftPackageProductDependency section */
		715E585B41FB65BDF56DDBCE /* Moya */ = {
			isa = XCSwiftPackageProductDependency;
			productName = Moya;
		};
		9F8182236AAA9809985E1D0B /* CodableFirebase */ = {
			isa = XCSwiftPackageProductDependency;
			productName = CodableFirebase;
		};
		B4FADB55656C61286023A28A /* FirebaseDatabase */ = {
			isa = XCSwiftPackageProductDependency;
			productName = FirebaseDatabase;
		};
/* End XCSwiftPackageProductDependency section */
	};
	rootObject = D776D4FCF51BF7CA8714C709 /* Project object */;
}
