// !$*UTF8*$!
{
	archiveVersion = 1;
	classes = {
	};
	objectVersion = 51;
	objects = {

/* Begin PBXBuildFile section */
		0B197E23E128CCC8A57D4E47 /* Pods_Gist_GistUITests.framework in Frameworks */ = {isa = PBXBuildFile; fileRef = D89A8EA6E9A8E9088FF542B2 /* Pods_Gist_GistUITests.framework */; };
		3396C4429BA49883D01AEF96 /* Pods_Gist.framework in Frameworks */ = {isa = PBXBuildFile; fileRef = C08DB341F8D40F254A166745 /* Pods_Gist.framework */; };
		3504A89624D07CBC00202678 /* GistDigestResponseMapperTests.swift in Sources */ = {isa = PBXBuildFile; fileRef = 3504A89424D07CA400202678 /* GistDigestResponseMapperTests.swift */; };
		3504A89B24D07E8100202678 /* URLs.swift in Sources */ = {isa = PBXBuildFile; fileRef = 3504A89A24D07E8100202678 /* URLs.swift */; };
		3504A89C24D07F2C00202678 /* GistsTargetTypeTests.swift in Sources */ = {isa = PBXBuildFile; fileRef = 3504A89824D07E7100202678 /* GistsTargetTypeTests.swift */; };
		3504A89E24D0824B00202678 /* PublicGistsRequestTests.swift in Sources */ = {isa = PBXBuildFile; fileRef = 3504A89D24D0824B00202678 /* PublicGistsRequestTests.swift */; };
		3504A8A224D0D03100202678 /* MoyaGistsRepositoryTests.swift in Sources */ = {isa = PBXBuildFile; fileRef = 3504A8A024D0CE6D00202678 /* MoyaGistsRepositoryTests.swift */; };
		3504A8A524D0D33700202678 /* GistDigestResponse+Fixtures.swift in Sources */ = {isa = PBXBuildFile; fileRef = 3504A8A424D0D33700202678 /* GistDigestResponse+Fixtures.swift */; };
		3504A8A924D0FED200202678 /* CustomViewController.swift in Sources */ = {isa = PBXBuildFile; fileRef = 3504A8A824D0FED200202678 /* CustomViewController.swift */; };
		3504A8AB24D100DF00202678 /* StackViewBuilder.swift in Sources */ = {isa = PBXBuildFile; fileRef = 3504A8AA24D100DF00202678 /* StackViewBuilder.swift */; };
		3507C20D24D3173D00366D6F /* Array.swift in Sources */ = {isa = PBXBuildFile; fileRef = 3507C20C24D3173D00366D6F /* Array.swift */; };
		3507C21024D3269500366D6F /* GistPresenter.swift in Sources */ = {isa = PBXBuildFile; fileRef = 3507C20F24D3269500366D6F /* GistPresenter.swift */; };
		3507C21224D3358500366D6F /* GistConfigurator.swift in Sources */ = {isa = PBXBuildFile; fileRef = 3507C21124D3358500366D6F /* GistConfigurator.swift */; };
		3507C21524D3392200366D6F /* GistScene.swift in Sources */ = {isa = PBXBuildFile; fileRef = 3507C21424D3392200366D6F /* GistScene.swift */; };
		3507C21724D33DB700366D6F /* DiscoverRouter.swift in Sources */ = {isa = PBXBuildFile; fileRef = 3507C21624D33DB700366D6F /* DiscoverRouter.swift */; };
		3507C21924D3645900366D6F /* GetPublicGistsUseCase.swift in Sources */ = {isa = PBXBuildFile; fileRef = 3507C21824D3645900366D6F /* GetPublicGistsUseCase.swift */; };
		3507C22724D3AD0300366D6F /* EmptyView.swift in Sources */ = {isa = PBXBuildFile; fileRef = 3507C22324D3AD0300366D6F /* EmptyView.swift */; };
		3507C22824D3AD0300366D6F /* LoadingView.swift in Sources */ = {isa = PBXBuildFile; fileRef = 3507C22424D3AD0300366D6F /* LoadingView.swift */; };
		3507C22924D3AD0300366D6F /* BasicPlaceholderView.swift in Sources */ = {isa = PBXBuildFile; fileRef = 3507C22524D3AD0300366D6F /* BasicPlaceholderView.swift */; };
		3507C22A24D3AD0300366D6F /* ErrorView.swift in Sources */ = {isa = PBXBuildFile; fileRef = 3507C22624D3AD0300366D6F /* ErrorView.swift */; };
		353EF2B624D4C4570094AD0C /* BookmarkGistUseCase.swift in Sources */ = {isa = PBXBuildFile; fileRef = 353EF2B524D4C4570094AD0C /* BookmarkGistUseCase.swift */; };
		3549C26124CF900600CE94D0 /* AppDelegate.swift in Sources */ = {isa = PBXBuildFile; fileRef = 3549C26024CF900600CE94D0 /* AppDelegate.swift */; };
		3549C26C24CF900700CE94D0 /* Assets.xcassets in Resources */ = {isa = PBXBuildFile; fileRef = 3549C26B24CF900700CE94D0 /* Assets.xcassets */; };
		3549C26F24CF900700CE94D0 /* LaunchScreen.storyboard in Resources */ = {isa = PBXBuildFile; fileRef = 3549C26D24CF900700CE94D0 /* LaunchScreen.storyboard */; };
		3549C28524CF900800CE94D0 /* GistUITests.swift in Sources */ = {isa = PBXBuildFile; fileRef = 3549C28424CF900800CE94D0 /* GistUITests.swift */; };
		3549C29C24CF943800CE94D0 /* DiscoverViewController.swift in Sources */ = {isa = PBXBuildFile; fileRef = 3549C29B24CF943800CE94D0 /* DiscoverViewController.swift */; };
		3549C29F24CFA99D00CE94D0 /* SplitViewController.swift in Sources */ = {isa = PBXBuildFile; fileRef = 3549C29E24CFA99D00CE94D0 /* SplitViewController.swift */; };
		3549C2A224CFAAB700CE94D0 /* GistTableViewController.swift in Sources */ = {isa = PBXBuildFile; fileRef = 3549C2A124CFAAB700CE94D0 /* GistTableViewController.swift */; };
		356EAA3924CFB4E100D20FE5 /* GistDigest.swift in Sources */ = {isa = PBXBuildFile; fileRef = 356EAA3824CFB4E100D20FE5 /* GistDigest.swift */; };
		3578EA8C24D273850032F639 /* DiscoverPresenterTests.swift in Sources */ = {isa = PBXBuildFile; fileRef = 3578EA8A24D273570032F639 /* DiscoverPresenterTests.swift */; };
		3578EA9224D28C5D0032F639 /* UserError.swift in Sources */ = {isa = PBXBuildFile; fileRef = 3578EA9124D28C5D0032F639 /* UserError.swift */; };
		357B2FBB24CFB78200813529 /* GistDigestTests.swift in Sources */ = {isa = PBXBuildFile; fileRef = 357B2FB824CFB77200813529 /* GistDigestTests.swift */; };
		357B2FBE24CFB84400813529 /* Random.swift in Sources */ = {isa = PBXBuildFile; fileRef = 357B2FBD24CFB84400813529 /* Random.swift */; };
		357B2FC224CFBD2700813529 /* GetPublicGistsUseCaseTests.swift in Sources */ = {isa = PBXBuildFile; fileRef = 357B2FC124CFBD2700813529 /* GetPublicGistsUseCaseTests.swift */; };
		357B2FC424CFBE5A00813529 /* Result.swift in Sources */ = {isa = PBXBuildFile; fileRef = 357B2FC324CFBE5A00813529 /* Result.swift */; };
		357B2FC724CFBFDB00813529 /* ErrorDummy.swift in Sources */ = {isa = PBXBuildFile; fileRef = 357B2FC624CFBFDB00813529 /* ErrorDummy.swift */; };
		357B2FCA24CFC37600813529 /* GistsRepositorySpy.swift in Sources */ = {isa = PBXBuildFile; fileRef = 357B2FC924CFC37600813529 /* GistsRepositorySpy.swift */; };
		357B2FCE24CFC3E100813529 /* GistDigest+Fixtures.swift in Sources */ = {isa = PBXBuildFile; fileRef = 357B2FCC24CFC3BA00813529 /* GistDigest+Fixtures.swift */; };
		357B2FD424CFC46A00813529 /* GistsRepository.swift in Sources */ = {isa = PBXBuildFile; fileRef = 357B2FD324CFC46A00813529 /* GistsRepository.swift */; };
		357B2FD724CFC9B400813529 /* MoyaDataSource.swift in Sources */ = {isa = PBXBuildFile; fileRef = 357B2FD624CFC9B400813529 /* MoyaDataSource.swift */; };
		357B2FDC24CFCEB000813529 /* MoyaDataSourceSpy.swift in Sources */ = {isa = PBXBuildFile; fileRef = 357B2FDB24CFCEB000813529 /* MoyaDataSourceSpy.swift */; };
		357B2FE224CFD29700813529 /* GistDigestResponse.swift in Sources */ = {isa = PBXBuildFile; fileRef = 357B2FE124CFD29700813529 /* GistDigestResponse.swift */; };
		357B2FE624CFD4C300813529 /* GistDigestResponseTests.swift in Sources */ = {isa = PBXBuildFile; fileRef = 357B2FE424CFD4B700813529 /* GistDigestResponseTests.swift */; };
		357B2FE924CFDB8C00813529 /* GistsTargetType.swift in Sources */ = {isa = PBXBuildFile; fileRef = 357B2FE824CFDB8C00813529 /* GistsTargetType.swift */; };
		357B2FEB24CFDD3E00813529 /* PublicGistsRequest.swift in Sources */ = {isa = PBXBuildFile; fileRef = 357B2FEA24CFDD3E00813529 /* PublicGistsRequest.swift */; };
		357B2FEE24CFDF3600813529 /* MoyaGistsRepository.swift in Sources */ = {isa = PBXBuildFile; fileRef = 357B2FED24CFDF3600813529 /* MoyaGistsRepository.swift */; };
		357B2FF324CFF40300813529 /* GistDigest+Mappers.swift in Sources */ = {isa = PBXBuildFile; fileRef = 357B2FF224CFF40300813529 /* GistDigest+Mappers.swift */; };
		358DA00024D23597000790CA /* BaseView.swift in Sources */ = {isa = PBXBuildFile; fileRef = 358D9FFF24D23597000790CA /* BaseView.swift */; };
		358DA00224D23717000790CA /* GistDigestCell.swift in Sources */ = {isa = PBXBuildFile; fileRef = 358DA00124D23717000790CA /* GistDigestCell.swift */; };
		358DA00624D2412F000790CA /* Dequeable.swift in Sources */ = {isa = PBXBuildFile; fileRef = 358DA00524D2412F000790CA /* Dequeable.swift */; };
		358DA00A24D24B15000790CA /* DiscoverPresenter.swift in Sources */ = {isa = PBXBuildFile; fileRef = 358DA00924D24B15000790CA /* DiscoverPresenter.swift */; };
		358DA00D24D24B37000790CA /* DiscoverScene.swift in Sources */ = {isa = PBXBuildFile; fileRef = 358DA00C24D24B37000790CA /* DiscoverScene.swift */; };
		358DA01124D24BE3000790CA /* DiscoverTableViewControllerTests.swift in Sources */ = {isa = PBXBuildFile; fileRef = 358DA00F24D24BBE000790CA /* DiscoverTableViewControllerTests.swift */; };
		358DA01324D2561A000790CA /* DiscoverConfigurator.swift in Sources */ = {isa = PBXBuildFile; fileRef = 358DA01224D2561A000790CA /* DiscoverConfigurator.swift */; };
		358DA01724D26CC2000790CA /* DiscoverPresentationLogicSpy.swift in Sources */ = {isa = PBXBuildFile; fileRef = 358DA01624D26CC2000790CA /* DiscoverPresentationLogicSpy.swift */; };
		358DA01B24D26D29000790CA /* GistDigestViewViewModel+Fixture.swift in Sources */ = {isa = PBXBuildFile; fileRef = 358DA01924D26D07000790CA /* GistDigestViewViewModel+Fixture.swift */; };
		359730BC24D6172500C31149 /* GoogleService-Info.plist in Resources */ = {isa = PBXBuildFile; fileRef = 359730BB24D6172500C31149 /* GoogleService-Info.plist */; };
		359730BE24D61B6900C31149 /* FirebaseDataSource.swift in Sources */ = {isa = PBXBuildFile; fileRef = 359730BD24D61B6900C31149 /* FirebaseDataSource.swift */; };
		359730C024D62B1C00C31149 /* GistDigestReponse+Mappers.swift in Sources */ = {isa = PBXBuildFile; fileRef = 359730BF24D62B1C00C31149 /* GistDigestReponse+Mappers.swift */; };
		35996A6D24D4C6E0003A813D /* BookmarksRepository.swift in Sources */ = {isa = PBXBuildFile; fileRef = 35996A6C24D4C6E0003A813D /* BookmarksRepository.swift */; };
		35996A6F24D4C8A5003A813D /* FirebaseBookmarksRepository.swift in Sources */ = {isa = PBXBuildFile; fileRef = 35996A6E24D4C8A5003A813D /* FirebaseBookmarksRepository.swift */; };
		35996A7124D4CBE5003A813D /* Bool.swift in Sources */ = {isa = PBXBuildFile; fileRef = 35996A7024D4CBE5003A813D /* Bool.swift */; };
		35F6F74B24D5B8A600A4BA41 /* String.swift in Sources */ = {isa = PBXBuildFile; fileRef = 35F6F74A24D5B8A600A4BA41 /* String.swift */; };
		35F6F74D24D5BC5500A4BA41 /* Weakfiable.swift in Sources */ = {isa = PBXBuildFile; fileRef = 35F6F74C24D5BC5500A4BA41 /* Weakfiable.swift */; };
		B5614D648C79C28A12BAEBDD /* Pods_GistTests.framework in Frameworks */ = {isa = PBXBuildFile; fileRef = D1DA0A6B33EE9DFD8970FF46 /* Pods_GistTests.framework */; };
/* End PBXBuildFile section */

/* Begin PBXContainerItemProxy section */
		3549C27624CF900800CE94D0 /* PBXContainerItemProxy */ = {
			isa = PBXContainerItemProxy;
			containerPortal = 3549C25524CF900600CE94D0 /* Project object */;
			proxyType = 1;
			remoteGlobalIDString = 3549C25C24CF900600CE94D0;
			remoteInfo = Gist;
		};
		3549C28124CF900800CE94D0 /* PBXContainerItemProxy */ = {
			isa = PBXContainerItemProxy;
			containerPortal = 3549C25524CF900600CE94D0 /* Project object */;
			proxyType = 1;
			remoteGlobalIDString = 3549C25C24CF900600CE94D0;
			remoteInfo = Gist;
		};
/* End PBXContainerItemProxy section */

/* Begin PBXFileReference section */
		3504A89424D07CA400202678 /* GistDigestResponseMapperTests.swift */ = {isa = PBXFileReference; lastKnownFileType = sourcecode.swift; path = GistDigestResponseMapperTests.swift; sourceTree = "<group>"; };
		3504A89824D07E7100202678 /* GistsTargetTypeTests.swift */ = {isa = PBXFileReference; lastKnownFileType = sourcecode.swift; path = GistsTargetTypeTests.swift; sourceTree = "<group>"; };
		3504A89A24D07E8100202678 /* URLs.swift */ = {isa = PBXFileReference; lastKnownFileType = sourcecode.swift; path = URLs.swift; sourceTree = "<group>"; };
		3504A89D24D0824B00202678 /* PublicGistsRequestTests.swift */ = {isa = PBXFileReference; lastKnownFileType = sourcecode.swift; path = PublicGistsRequestTests.swift; sourceTree = "<group>"; };
		3504A8A024D0CE6D00202678 /* MoyaGistsRepositoryTests.swift */ = {isa = PBXFileReference; lastKnownFileType = sourcecode.swift; path = MoyaGistsRepositoryTests.swift; sourceTree = "<group>"; };
		3504A8A424D0D33700202678 /* GistDigestResponse+Fixtures.swift */ = {isa = PBXFileReference; lastKnownFileType = sourcecode.swift; path = "GistDigestResponse+Fixtures.swift"; sourceTree = "<group>"; };
		3504A8A824D0FED200202678 /* CustomViewController.swift */ = {isa = PBXFileReference; lastKnownFileType = sourcecode.swift; path = CustomViewController.swift; sourceTree = "<group>"; };
		3504A8AA24D100DF00202678 /* StackViewBuilder.swift */ = {isa = PBXFileReference; lastKnownFileType = sourcecode.swift; path = StackViewBuilder.swift; sourceTree = "<group>"; };
		3507C20C24D3173D00366D6F /* Array.swift */ = {isa = PBXFileReference; lastKnownFileType = sourcecode.swift; path = Array.swift; sourceTree = "<group>"; };
		3507C20F24D3269500366D6F /* GistPresenter.swift */ = {isa = PBXFileReference; lastKnownFileType = sourcecode.swift; path = GistPresenter.swift; sourceTree = "<group>"; };
		3507C21124D3358500366D6F /* GistConfigurator.swift */ = {isa = PBXFileReference; lastKnownFileType = sourcecode.swift; path = GistConfigurator.swift; sourceTree = "<group>"; };
		3507C21424D3392200366D6F /* GistScene.swift */ = {isa = PBXFileReference; lastKnownFileType = sourcecode.swift; path = GistScene.swift; sourceTree = "<group>"; };
		3507C21624D33DB700366D6F /* DiscoverRouter.swift */ = {isa = PBXFileReference; lastKnownFileType = sourcecode.swift; path = DiscoverRouter.swift; sourceTree = "<group>"; };
		3507C21824D3645900366D6F /* GetPublicGistsUseCase.swift */ = {isa = PBXFileReference; lastKnownFileType = sourcecode.swift; path = GetPublicGistsUseCase.swift; sourceTree = "<group>"; };
		3507C22324D3AD0300366D6F /* EmptyView.swift */ = {isa = PBXFileReference; fileEncoding = 4; lastKnownFileType = sourcecode.swift; path = EmptyView.swift; sourceTree = "<group>"; };
		3507C22424D3AD0300366D6F /* LoadingView.swift */ = {isa = PBXFileReference; fileEncoding = 4; lastKnownFileType = sourcecode.swift; path = LoadingView.swift; sourceTree = "<group>"; };
		3507C22524D3AD0300366D6F /* BasicPlaceholderView.swift */ = {isa = PBXFileReference; fileEncoding = 4; lastKnownFileType = sourcecode.swift; path = BasicPlaceholderView.swift; sourceTree = "<group>"; };
		3507C22624D3AD0300366D6F /* ErrorView.swift */ = {isa = PBXFileReference; fileEncoding = 4; lastKnownFileType = sourcecode.swift; path = ErrorView.swift; sourceTree = "<group>"; };
		353EF2B524D4C4570094AD0C /* BookmarkGistUseCase.swift */ = {isa = PBXFileReference; lastKnownFileType = sourcecode.swift; path = BookmarkGistUseCase.swift; sourceTree = "<group>"; };
		3549C25D24CF900600CE94D0 /* Gist.app */ = {isa = PBXFileReference; explicitFileType = wrapper.application; includeInIndex = 0; path = Gist.app; sourceTree = BUILT_PRODUCTS_DIR; };
		3549C26024CF900600CE94D0 /* AppDelegate.swift */ = {isa = PBXFileReference; lastKnownFileType = sourcecode.swift; path = AppDelegate.swift; sourceTree = "<group>"; };
		3549C26B24CF900700CE94D0 /* Assets.xcassets */ = {isa = PBXFileReference; lastKnownFileType = folder.assetcatalog; path = Assets.xcassets; sourceTree = "<group>"; };
		3549C26E24CF900700CE94D0 /* Base */ = {isa = PBXFileReference; lastKnownFileType = file.storyboard; name = Base; path = Base.lproj/LaunchScreen.storyboard; sourceTree = "<group>"; };
		3549C27024CF900700CE94D0 /* Info.plist */ = {isa = PBXFileReference; lastKnownFileType = text.plist.xml; path = Info.plist; sourceTree = "<group>"; };
		3549C27524CF900800CE94D0 /* GistTests.xctest */ = {isa = PBXFileReference; explicitFileType = wrapper.cfbundle; includeInIndex = 0; path = GistTests.xctest; sourceTree = BUILT_PRODUCTS_DIR; };
		3549C27B24CF900800CE94D0 /* Info.plist */ = {isa = PBXFileReference; lastKnownFileType = text.plist.xml; path = Info.plist; sourceTree = "<group>"; };
		3549C28024CF900800CE94D0 /* GistUITests.xctest */ = {isa = PBXFileReference; explicitFileType = wrapper.cfbundle; includeInIndex = 0; path = GistUITests.xctest; sourceTree = BUILT_PRODUCTS_DIR; };
		3549C28424CF900800CE94D0 /* GistUITests.swift */ = {isa = PBXFileReference; lastKnownFileType = sourcecode.swift; path = GistUITests.swift; sourceTree = "<group>"; };
		3549C28624CF900800CE94D0 /* Info.plist */ = {isa = PBXFileReference; lastKnownFileType = text.plist.xml; path = Info.plist; sourceTree = "<group>"; };
		3549C29B24CF943800CE94D0 /* DiscoverViewController.swift */ = {isa = PBXFileReference; lastKnownFileType = sourcecode.swift; path = DiscoverViewController.swift; sourceTree = "<group>"; };
		3549C29E24CFA99D00CE94D0 /* SplitViewController.swift */ = {isa = PBXFileReference; lastKnownFileType = sourcecode.swift; path = SplitViewController.swift; sourceTree = "<group>"; };
		3549C2A124CFAAB700CE94D0 /* GistTableViewController.swift */ = {isa = PBXFileReference; lastKnownFileType = sourcecode.swift; path = GistTableViewController.swift; sourceTree = "<group>"; };
		356EAA3824CFB4E100D20FE5 /* GistDigest.swift */ = {isa = PBXFileReference; lastKnownFileType = sourcecode.swift; name = GistDigest.swift; path = Gist/Domain/Entities/GistDigest.swift; sourceTree = SOURCE_ROOT; };
		3578EA8A24D273570032F639 /* DiscoverPresenterTests.swift */ = {isa = PBXFileReference; lastKnownFileType = sourcecode.swift; path = DiscoverPresenterTests.swift; sourceTree = "<group>"; };
		3578EA9124D28C5D0032F639 /* UserError.swift */ = {isa = PBXFileReference; lastKnownFileType = sourcecode.swift; path = UserError.swift; sourceTree = "<group>"; };
		357B2FB824CFB77200813529 /* GistDigestTests.swift */ = {isa = PBXFileReference; lastKnownFileType = sourcecode.swift; path = GistDigestTests.swift; sourceTree = "<group>"; };
		357B2FBD24CFB84400813529 /* Random.swift */ = {isa = PBXFileReference; lastKnownFileType = sourcecode.swift; path = Random.swift; sourceTree = "<group>"; };
		357B2FC124CFBD2700813529 /* GetPublicGistsUseCaseTests.swift */ = {isa = PBXFileReference; lastKnownFileType = sourcecode.swift; path = GetPublicGistsUseCaseTests.swift; sourceTree = "<group>"; };
		357B2FC324CFBE5A00813529 /* Result.swift */ = {isa = PBXFileReference; lastKnownFileType = sourcecode.swift; path = Result.swift; sourceTree = "<group>"; };
		357B2FC624CFBFDB00813529 /* ErrorDummy.swift */ = {isa = PBXFileReference; lastKnownFileType = sourcecode.swift; path = ErrorDummy.swift; sourceTree = "<group>"; };
		357B2FC924CFC37600813529 /* GistsRepositorySpy.swift */ = {isa = PBXFileReference; lastKnownFileType = sourcecode.swift; path = GistsRepositorySpy.swift; sourceTree = "<group>"; };
		357B2FCC24CFC3BA00813529 /* GistDigest+Fixtures.swift */ = {isa = PBXFileReference; lastKnownFileType = sourcecode.swift; path = "GistDigest+Fixtures.swift"; sourceTree = "<group>"; };
		357B2FD324CFC46A00813529 /* GistsRepository.swift */ = {isa = PBXFileReference; lastKnownFileType = sourcecode.swift; path = GistsRepository.swift; sourceTree = "<group>"; };
		357B2FD624CFC9B400813529 /* MoyaDataSource.swift */ = {isa = PBXFileReference; lastKnownFileType = sourcecode.swift; path = MoyaDataSource.swift; sourceTree = "<group>"; };
		357B2FDB24CFCEB000813529 /* MoyaDataSourceSpy.swift */ = {isa = PBXFileReference; lastKnownFileType = sourcecode.swift; path = MoyaDataSourceSpy.swift; sourceTree = "<group>"; };
		357B2FE124CFD29700813529 /* GistDigestResponse.swift */ = {isa = PBXFileReference; lastKnownFileType = sourcecode.swift; path = GistDigestResponse.swift; sourceTree = "<group>"; };
		357B2FE424CFD4B700813529 /* GistDigestResponseTests.swift */ = {isa = PBXFileReference; lastKnownFileType = sourcecode.swift; path = GistDigestResponseTests.swift; sourceTree = "<group>"; };
		357B2FE824CFDB8C00813529 /* GistsTargetType.swift */ = {isa = PBXFileReference; lastKnownFileType = sourcecode.swift; path = GistsTargetType.swift; sourceTree = "<group>"; };
		357B2FEA24CFDD3E00813529 /* PublicGistsRequest.swift */ = {isa = PBXFileReference; lastKnownFileType = sourcecode.swift; path = PublicGistsRequest.swift; sourceTree = "<group>"; };
		357B2FED24CFDF3600813529 /* MoyaGistsRepository.swift */ = {isa = PBXFileReference; lastKnownFileType = sourcecode.swift; path = MoyaGistsRepository.swift; sourceTree = "<group>"; };
		357B2FF224CFF40300813529 /* GistDigest+Mappers.swift */ = {isa = PBXFileReference; lastKnownFileType = sourcecode.swift; path = "GistDigest+Mappers.swift"; sourceTree = "<group>"; };
		358D9FFF24D23597000790CA /* BaseView.swift */ = {isa = PBXFileReference; lastKnownFileType = sourcecode.swift; path = BaseView.swift; sourceTree = "<group>"; };
		358DA00124D23717000790CA /* GistDigestCell.swift */ = {isa = PBXFileReference; lastKnownFileType = sourcecode.swift; path = GistDigestCell.swift; sourceTree = "<group>"; };
		358DA00524D2412F000790CA /* Dequeable.swift */ = {isa = PBXFileReference; lastKnownFileType = sourcecode.swift; path = Dequeable.swift; sourceTree = "<group>"; };
		358DA00924D24B15000790CA /* DiscoverPresenter.swift */ = {isa = PBXFileReference; lastKnownFileType = sourcecode.swift; path = DiscoverPresenter.swift; sourceTree = "<group>"; };
		358DA00C24D24B37000790CA /* DiscoverScene.swift */ = {isa = PBXFileReference; lastKnownFileType = sourcecode.swift; path = DiscoverScene.swift; sourceTree = "<group>"; };
		358DA00F24D24BBE000790CA /* DiscoverTableViewControllerTests.swift */ = {isa = PBXFileReference; lastKnownFileType = sourcecode.swift; path = DiscoverTableViewControllerTests.swift; sourceTree = "<group>"; };
		358DA01224D2561A000790CA /* DiscoverConfigurator.swift */ = {isa = PBXFileReference; lastKnownFileType = sourcecode.swift; path = DiscoverConfigurator.swift; sourceTree = "<group>"; };
		358DA01624D26CC2000790CA /* DiscoverPresentationLogicSpy.swift */ = {isa = PBXFileReference; lastKnownFileType = sourcecode.swift; path = DiscoverPresentationLogicSpy.swift; sourceTree = "<group>"; };
		358DA01924D26D07000790CA /* GistDigestViewViewModel+Fixture.swift */ = {isa = PBXFileReference; lastKnownFileType = sourcecode.swift; path = "GistDigestViewViewModel+Fixture.swift"; sourceTree = "<group>"; };
		359730BB24D6172500C31149 /* GoogleService-Info.plist */ = {isa = PBXFileReference; lastKnownFileType = text.plist; path = "GoogleService-Info.plist"; sourceTree = SOURCE_ROOT; };
		359730BD24D61B6900C31149 /* FirebaseDataSource.swift */ = {isa = PBXFileReference; lastKnownFileType = sourcecode.swift; path = FirebaseDataSource.swift; sourceTree = "<group>"; };
		359730BF24D62B1C00C31149 /* GistDigestReponse+Mappers.swift */ = {isa = PBXFileReference; lastKnownFileType = sourcecode.swift; path = "GistDigestReponse+Mappers.swift"; sourceTree = "<group>"; };
		35996A6C24D4C6E0003A813D /* BookmarksRepository.swift */ = {isa = PBXFileReference; lastKnownFileType = sourcecode.swift; path = BookmarksRepository.swift; sourceTree = "<group>"; };
		35996A6E24D4C8A5003A813D /* FirebaseBookmarksRepository.swift */ = {isa = PBXFileReference; lastKnownFileType = sourcecode.swift; path = FirebaseBookmarksRepository.swift; sourceTree = "<group>"; };
		35996A7024D4CBE5003A813D /* Bool.swift */ = {isa = PBXFileReference; lastKnownFileType = sourcecode.swift; path = Bool.swift; sourceTree = "<group>"; };
		35F6F74A24D5B8A600A4BA41 /* String.swift */ = {isa = PBXFileReference; lastKnownFileType = sourcecode.swift; path = String.swift; sourceTree = "<group>"; };
		35F6F74C24D5BC5500A4BA41 /* Weakfiable.swift */ = {isa = PBXFileReference; lastKnownFileType = sourcecode.swift; path = Weakfiable.swift; sourceTree = "<group>"; };
		7958A52B76F6B18A6EF72CA2 /* Pods-Gist.debug.xcconfig */ = {isa = PBXFileReference; includeInIndex = 1; lastKnownFileType = text.xcconfig; name = "Pods-Gist.debug.xcconfig"; path = "Target Support Files/Pods-Gist/Pods-Gist.debug.xcconfig"; sourceTree = "<group>"; };
		84923CC397DA36C9406967BE /* Pods-Gist.release.xcconfig */ = {isa = PBXFileReference; includeInIndex = 1; lastKnownFileType = text.xcconfig; name = "Pods-Gist.release.xcconfig"; path = "Target Support Files/Pods-Gist/Pods-Gist.release.xcconfig"; sourceTree = "<group>"; };
		A10A29F416BCF6BC9A8B2009 /* Pods-GistTests.release.xcconfig */ = {isa = PBXFileReference; includeInIndex = 1; lastKnownFileType = text.xcconfig; name = "Pods-GistTests.release.xcconfig"; path = "Target Support Files/Pods-GistTests/Pods-GistTests.release.xcconfig"; sourceTree = "<group>"; };
		C08DB341F8D40F254A166745 /* Pods_Gist.framework */ = {isa = PBXFileReference; explicitFileType = wrapper.framework; includeInIndex = 0; path = Pods_Gist.framework; sourceTree = BUILT_PRODUCTS_DIR; };
		C160D1BF3F199E2E3419325D /* Pods-Gist-GistUITests.release.xcconfig */ = {isa = PBXFileReference; includeInIndex = 1; lastKnownFileType = text.xcconfig; name = "Pods-Gist-GistUITests.release.xcconfig"; path = "Target Support Files/Pods-Gist-GistUITests/Pods-Gist-GistUITests.release.xcconfig"; sourceTree = "<group>"; };
		C2259588C365803089381A4C /* Pods-Gist-GistUITests.debug.xcconfig */ = {isa = PBXFileReference; includeInIndex = 1; lastKnownFileType = text.xcconfig; name = "Pods-Gist-GistUITests.debug.xcconfig"; path = "Target Support Files/Pods-Gist-GistUITests/Pods-Gist-GistUITests.debug.xcconfig"; sourceTree = "<group>"; };
		D1DA0A6B33EE9DFD8970FF46 /* Pods_GistTests.framework */ = {isa = PBXFileReference; explicitFileType = wrapper.framework; includeInIndex = 0; path = Pods_GistTests.framework; sourceTree = BUILT_PRODUCTS_DIR; };
		D89A8EA6E9A8E9088FF542B2 /* Pods_Gist_GistUITests.framework */ = {isa = PBXFileReference; explicitFileType = wrapper.framework; includeInIndex = 0; path = Pods_Gist_GistUITests.framework; sourceTree = BUILT_PRODUCTS_DIR; };
		DA003C126AA2001F70605C70 /* Pods-GistTests.debug.xcconfig */ = {isa = PBXFileReference; includeInIndex = 1; lastKnownFileType = text.xcconfig; name = "Pods-GistTests.debug.xcconfig"; path = "Target Support Files/Pods-GistTests/Pods-GistTests.debug.xcconfig"; sourceTree = "<group>"; };
/* End PBXFileReference section */

/* Begin PBXFrameworksBuildPhase section */
		3549C25A24CF900600CE94D0 /* Frameworks */ = {
			isa = PBXFrameworksBuildPhase;
			buildActionMask = 2147483647;
			files = (
				3396C4429BA49883D01AEF96 /* Pods_Gist.framework in Frameworks */,
			);
			runOnlyForDeploymentPostprocessing = 0;
		};
		3549C27224CF900800CE94D0 /* Frameworks */ = {
			isa = PBXFrameworksBuildPhase;
			buildActionMask = 2147483647;
			files = (
				B5614D648C79C28A12BAEBDD /* Pods_GistTests.framework in Frameworks */,
			);
			runOnlyForDeploymentPostprocessing = 0;
		};
		3549C27D24CF900800CE94D0 /* Frameworks */ = {
			isa = PBXFrameworksBuildPhase;
			buildActionMask = 2147483647;
			files = (
				0B197E23E128CCC8A57D4E47 /* Pods_Gist_GistUITests.framework in Frameworks */,
			);
			runOnlyForDeploymentPostprocessing = 0;
		};
/* End PBXFrameworksBuildPhase section */

/* Begin PBXGroup section */
		3504A89724D07E4200202678 /* Requests */ = {
			isa = PBXGroup;
			children = (
				3504A89824D07E7100202678 /* GistsTargetTypeTests.swift */,
				3504A89D24D0824B00202678 /* PublicGistsRequestTests.swift */,
			);
			path = Requests;
			sourceTree = "<group>";
		};
		3504A89F24D0CE0600202678 /* Repository */ = {
			isa = PBXGroup;
			children = (
				3504A8A024D0CE6D00202678 /* MoyaGistsRepositoryTests.swift */,
			);
			path = Repository;
			sourceTree = "<group>";
		};
		3504A8A324D0D31F00202678 /* Fixtures */ = {
			isa = PBXGroup;
			children = (
				3504A8A424D0D33700202678 /* GistDigestResponse+Fixtures.swift */,
			);
			path = Fixtures;
			sourceTree = "<group>";
		};
		3507C21A24D3ACA100366D6F /* Stateful */ = {
			isa = PBXGroup;
			children = (
				3507C22524D3AD0300366D6F /* BasicPlaceholderView.swift */,
				3507C22324D3AD0300366D6F /* EmptyView.swift */,
				3507C22624D3AD0300366D6F /* ErrorView.swift */,
				3507C22424D3AD0300366D6F /* LoadingView.swift */,
			);
			path = Stateful;
			sourceTree = "<group>";
		};
		3549C25424CF900600CE94D0 = {
			isa = PBXGroup;
			children = (
				3549C25F24CF900600CE94D0 /* Gist */,
				3549C27824CF900800CE94D0 /* GistTests */,
				3549C28324CF900800CE94D0 /* GistUITests */,
				3549C25E24CF900600CE94D0 /* Products */,
				5E7C884E1900BE08016AEC3B /* Pods */,
				35C3B43F17A6339659E94C0D /* Frameworks */,
			);
			sourceTree = "<group>";
		};
		3549C25E24CF900600CE94D0 /* Products */ = {
			isa = PBXGroup;
			children = (
				3549C25D24CF900600CE94D0 /* Gist.app */,
				3549C27524CF900800CE94D0 /* GistTests.xctest */,
				3549C28024CF900800CE94D0 /* GistUITests.xctest */,
			);
			name = Products;
			sourceTree = "<group>";
		};
		3549C25F24CF900600CE94D0 /* Gist */ = {
			isa = PBXGroup;
			children = (
				3549C29224CF93A400CE94D0 /* App */,
				3549C29324CF93B400CE94D0 /* Presentation */,
				3549C29424CF93BD00CE94D0 /* Domain */,
				3549C29524CF93C300CE94D0 /* Data */,
				357B2FBC24CFB83000813529 /* Shared */,
			);
			path = Gist;
			sourceTree = "<group>";
		};
		3549C27824CF900800CE94D0 /* GistTests */ = {
			isa = PBXGroup;
			children = (
				357B2FC524CFBFCC00813529 /* Utils */,
				3549C27B24CF900800CE94D0 /* Info.plist */,
			);
			path = GistTests;
			sourceTree = "<group>";
		};
		3549C28324CF900800CE94D0 /* GistUITests */ = {
			isa = PBXGroup;
			children = (
				3549C28424CF900800CE94D0 /* GistUITests.swift */,
				3549C28624CF900800CE94D0 /* Info.plist */,
			);
			path = GistUITests;
			sourceTree = "<group>";
		};
		3549C29224CF93A400CE94D0 /* App */ = {
			isa = PBXGroup;
			children = (
				3549C29624CF93D500CE94D0 /* Resources */,
				3549C26024CF900600CE94D0 /* AppDelegate.swift */,
			);
			path = App;
			sourceTree = "<group>";
		};
		3549C29324CF93B400CE94D0 /* Presentation */ = {
			isa = PBXGroup;
			children = (
				3549C29824CF940500CE94D0 /* Sources */,
				3549C29724CF93E200CE94D0 /* Resources */,
				358DA00E24D24BA9000790CA /* Tests */,
			);
			path = Presentation;
			sourceTree = "<group>";
		};
		3549C29424CF93BD00CE94D0 /* Domain */ = {
			isa = PBXGroup;
			children = (
				357B2FB624CFB75700813529 /* Sources */,
				357B2FB724CFB76000813529 /* Tests */,
			);
			path = Domain;
			sourceTree = "<group>";
		};
		3549C29524CF93C300CE94D0 /* Data */ = {
			isa = PBXGroup;
			children = (
				357B2FD924CFCE9000813529 /* Tests */,
				357B2FD824CFCE8900813529 /* Sources */,
			);
			path = Data;
			sourceTree = "<group>";
		};
		3549C29624CF93D500CE94D0 /* Resources */ = {
			isa = PBXGroup;
			children = (
				359730BB24D6172500C31149 /* GoogleService-Info.plist */,
				3549C26D24CF900700CE94D0 /* LaunchScreen.storyboard */,
				3549C27024CF900700CE94D0 /* Info.plist */,
			);
			path = Resources;
			sourceTree = "<group>";
		};
		3549C29724CF93E200CE94D0 /* Resources */ = {
			isa = PBXGroup;
			children = (
				3549C26B24CF900700CE94D0 /* Assets.xcassets */,
			);
			path = Resources;
			sourceTree = "<group>";
		};
		3549C29824CF940500CE94D0 /* Sources */ = {
			isa = PBXGroup;
			children = (
				358D9FFC24D23557000790CA /* Widgets */,
				3549C2A324CFAB2B00CE94D0 /* Utils */,
				3549C29924CF940E00CE94D0 /* Scenes */,
			);
			path = Sources;
			sourceTree = "<group>";
		};
		3549C29924CF940E00CE94D0 /* Scenes */ = {
			isa = PBXGroup;
			children = (
				3549C29D24CFA97C00CE94D0 /* SplitView */,
				3549C2A024CFAA9D00CE94D0 /* Gist */,
				3549C29A24CF941700CE94D0 /* Discover */,
			);
			path = Scenes;
			sourceTree = "<group>";
		};
		3549C29A24CF941700CE94D0 /* Discover */ = {
			isa = PBXGroup;
			children = (
				358DA01224D2561A000790CA /* DiscoverConfigurator.swift */,
				358DA00924D24B15000790CA /* DiscoverPresenter.swift */,
				358DA00C24D24B37000790CA /* DiscoverScene.swift */,
				3549C29B24CF943800CE94D0 /* DiscoverViewController.swift */,
				3507C21624D33DB700366D6F /* DiscoverRouter.swift */,
			);
			path = Discover;
			sourceTree = "<group>";
		};
		3549C29D24CFA97C00CE94D0 /* SplitView */ = {
			isa = PBXGroup;
			children = (
				3549C29E24CFA99D00CE94D0 /* SplitViewController.swift */,
			);
			path = SplitView;
			sourceTree = "<group>";
		};
		3549C2A024CFAA9D00CE94D0 /* Gist */ = {
			isa = PBXGroup;
			children = (
				3549C2A124CFAAB700CE94D0 /* GistTableViewController.swift */,
				3507C20F24D3269500366D6F /* GistPresenter.swift */,
				3507C21124D3358500366D6F /* GistConfigurator.swift */,
				3507C21424D3392200366D6F /* GistScene.swift */,
			);
			path = Gist;
			sourceTree = "<group>";
		};
		3549C2A324CFAB2B00CE94D0 /* Utils */ = {
			isa = PBXGroup;
			children = (
				3504A8A824D0FED200202678 /* CustomViewController.swift */,
				3504A8AA24D100DF00202678 /* StackViewBuilder.swift */,
				358D9FFF24D23597000790CA /* BaseView.swift */,
				358DA00524D2412F000790CA /* Dequeable.swift */,
				3578EA9124D28C5D0032F639 /* UserError.swift */,
			);
			path = Utils;
			sourceTree = "<group>";
		};
		356EAA3724CFB49300D20FE5 /* Entities */ = {
			isa = PBXGroup;
			children = (
				356EAA3824CFB4E100D20FE5 /* GistDigest.swift */,
			);
			name = Entities;
			path = ../Gist/Domain/Entities;
			sourceTree = "<group>";
		};
		357B2FB624CFB75700813529 /* Sources */ = {
			isa = PBXGroup;
			children = (
				357B2FD224CFC44C00813529 /* Respository */,
				357B2FCF24CFC3F900813529 /* UseCases */,
				356EAA3724CFB49300D20FE5 /* Entities */,
			);
			path = Sources;
			sourceTree = "<group>";
		};
		357B2FB724CFB76000813529 /* Tests */ = {
			isa = PBXGroup;
			children = (
				357B2FCB24CFC3A800813529 /* Fixtures */,
				357B2FC824CFC33800813529 /* Doubles */,
				357B2FC024CFBD0000813529 /* UseCases */,
				357B2FBA24CFB77700813529 /* Entities */,
			);
			path = Tests;
			sourceTree = "<group>";
		};
		357B2FBA24CFB77700813529 /* Entities */ = {
			isa = PBXGroup;
			children = (
				357B2FB824CFB77200813529 /* GistDigestTests.swift */,
			);
			path = Entities;
			sourceTree = "<group>";
		};
		357B2FBC24CFB83000813529 /* Shared */ = {
			isa = PBXGroup;
			children = (
				35996A7024D4CBE5003A813D /* Bool.swift */,
				35F6F74A24D5B8A600A4BA41 /* String.swift */,
				357B2FBD24CFB84400813529 /* Random.swift */,
				357B2FC324CFBE5A00813529 /* Result.swift */,
				3504A89A24D07E8100202678 /* URLs.swift */,
				3507C20C24D3173D00366D6F /* Array.swift */,
				35F6F74C24D5BC5500A4BA41 /* Weakfiable.swift */,
			);
			path = Shared;
			sourceTree = "<group>";
		};
		357B2FC024CFBD0000813529 /* UseCases */ = {
			isa = PBXGroup;
			children = (
				357B2FC124CFBD2700813529 /* GetPublicGistsUseCaseTests.swift */,
			);
			path = UseCases;
			sourceTree = "<group>";
		};
		357B2FC524CFBFCC00813529 /* Utils */ = {
			isa = PBXGroup;
			children = (
				357B2FC624CFBFDB00813529 /* ErrorDummy.swift */,
			);
			path = Utils;
			sourceTree = "<group>";
		};
		357B2FC824CFC33800813529 /* Doubles */ = {
			isa = PBXGroup;
			children = (
				357B2FC924CFC37600813529 /* GistsRepositorySpy.swift */,
			);
			path = Doubles;
			sourceTree = "<group>";
		};
		357B2FCB24CFC3A800813529 /* Fixtures */ = {
			isa = PBXGroup;
			children = (
				357B2FCC24CFC3BA00813529 /* GistDigest+Fixtures.swift */,
			);
			path = Fixtures;
			sourceTree = "<group>";
		};
		357B2FCF24CFC3F900813529 /* UseCases */ = {
			isa = PBXGroup;
			children = (
				3507C21824D3645900366D6F /* GetPublicGistsUseCase.swift */,
				353EF2B524D4C4570094AD0C /* BookmarkGistUseCase.swift */,
			);
			path = UseCases;
			sourceTree = "<group>";
		};
		357B2FD224CFC44C00813529 /* Respository */ = {
			isa = PBXGroup;
			children = (
				357B2FD324CFC46A00813529 /* GistsRepository.swift */,
				35996A6C24D4C6E0003A813D /* BookmarksRepository.swift */,
			);
			path = Respository;
			sourceTree = "<group>";
		};
		357B2FD524CFC9A100813529 /* DataSource */ = {
			isa = PBXGroup;
			children = (
				357B2FD624CFC9B400813529 /* MoyaDataSource.swift */,
				359730BD24D61B6900C31149 /* FirebaseDataSource.swift */,
			);
			path = DataSource;
			sourceTree = "<group>";
		};
		357B2FD824CFCE8900813529 /* Sources */ = {
			isa = PBXGroup;
			children = (
				357B2FEC24CFDF2000813529 /* Repository */,
				357B2FE724CFDB6A00813529 /* Requests */,
				357B2FE024CFD28700813529 /* Responses */,
				357B2FD524CFC9A100813529 /* DataSource */,
				357B2FF124CFF3F000813529 /* Mappers */,
			);
			path = Sources;
			sourceTree = "<group>";
		};
		357B2FD924CFCE9000813529 /* Tests */ = {
			isa = PBXGroup;
			children = (
				3504A8A324D0D31F00202678 /* Fixtures */,
				3504A89F24D0CE0600202678 /* Repository */,
				3504A89724D07E4200202678 /* Requests */,
				357B2FE324CFD4A100813529 /* Responses */,
				357B2FF424D06DB600813529 /* Mappers */,
				357B2FDA24CFCE9700813529 /* Doubles */,
			);
			path = Tests;
			sourceTree = "<group>";
		};
		357B2FDA24CFCE9700813529 /* Doubles */ = {
			isa = PBXGroup;
			children = (
				357B2FDB24CFCEB000813529 /* MoyaDataSourceSpy.swift */,
			);
			path = Doubles;
			sourceTree = "<group>";
		};
		357B2FE024CFD28700813529 /* Responses */ = {
			isa = PBXGroup;
			children = (
				357B2FE124CFD29700813529 /* GistDigestResponse.swift */,
			);
			path = Responses;
			sourceTree = "<group>";
		};
		357B2FE324CFD4A100813529 /* Responses */ = {
			isa = PBXGroup;
			children = (
				357B2FE424CFD4B700813529 /* GistDigestResponseTests.swift */,
			);
			path = Responses;
			sourceTree = "<group>";
		};
		357B2FE724CFDB6A00813529 /* Requests */ = {
			isa = PBXGroup;
			children = (
				357B2FE824CFDB8C00813529 /* GistsTargetType.swift */,
				357B2FEA24CFDD3E00813529 /* PublicGistsRequest.swift */,
			);
			path = Requests;
			sourceTree = "<group>";
		};
		357B2FEC24CFDF2000813529 /* Repository */ = {
			isa = PBXGroup;
			children = (
				357B2FED24CFDF3600813529 /* MoyaGistsRepository.swift */,
				35996A6E24D4C8A5003A813D /* FirebaseBookmarksRepository.swift */,
			);
			path = Repository;
			sourceTree = "<group>";
		};
		357B2FF124CFF3F000813529 /* Mappers */ = {
			isa = PBXGroup;
			children = (
				357B2FF224CFF40300813529 /* GistDigest+Mappers.swift */,
				359730BF24D62B1C00C31149 /* GistDigestReponse+Mappers.swift */,
			);
			path = Mappers;
			sourceTree = "<group>";
		};
		357B2FF424D06DB600813529 /* Mappers */ = {
			isa = PBXGroup;
			children = (
				3504A89424D07CA400202678 /* GistDigestResponseMapperTests.swift */,
			);
			path = Mappers;
			sourceTree = "<group>";
		};
		358D9FFC24D23557000790CA /* Widgets */ = {
			isa = PBXGroup;
			children = (
				3507C21A24D3ACA100366D6F /* Stateful */,
				358DA00124D23717000790CA /* GistDigestCell.swift */,
			);
			path = Widgets;
			sourceTree = "<group>";
		};
		358DA00E24D24BA9000790CA /* Tests */ = {
			isa = PBXGroup;
			children = (
				358DA01824D26CED000790CA /* Fixtures */,
				358DA01524D26CAD000790CA /* Doubles */,
				358DA01424D26C43000790CA /* Scenes */,
			);
			path = Tests;
			sourceTree = "<group>";
		};
		358DA01424D26C43000790CA /* Scenes */ = {
			isa = PBXGroup;
			children = (
				358DA00F24D24BBE000790CA /* DiscoverTableViewControllerTests.swift */,
				3578EA8A24D273570032F639 /* DiscoverPresenterTests.swift */,
			);
			path = Scenes;
			sourceTree = "<group>";
		};
		358DA01524D26CAD000790CA /* Doubles */ = {
			isa = PBXGroup;
			children = (
				358DA01624D26CC2000790CA /* DiscoverPresentationLogicSpy.swift */,
			);
			path = Doubles;
			sourceTree = "<group>";
		};
		358DA01824D26CED000790CA /* Fixtures */ = {
			isa = PBXGroup;
			children = (
				358DA01924D26D07000790CA /* GistDigestViewViewModel+Fixture.swift */,
			);
			path = Fixtures;
			sourceTree = "<group>";
		};
		35C3B43F17A6339659E94C0D /* Frameworks */ = {
			isa = PBXGroup;
			children = (
				C08DB341F8D40F254A166745 /* Pods_Gist.framework */,
				D89A8EA6E9A8E9088FF542B2 /* Pods_Gist_GistUITests.framework */,
				D1DA0A6B33EE9DFD8970FF46 /* Pods_GistTests.framework */,
			);
			name = Frameworks;
			sourceTree = "<group>";
		};
		5E7C884E1900BE08016AEC3B /* Pods */ = {
			isa = PBXGroup;
			children = (
				7958A52B76F6B18A6EF72CA2 /* Pods-Gist.debug.xcconfig */,
				84923CC397DA36C9406967BE /* Pods-Gist.release.xcconfig */,
				C2259588C365803089381A4C /* Pods-Gist-GistUITests.debug.xcconfig */,
				C160D1BF3F199E2E3419325D /* Pods-Gist-GistUITests.release.xcconfig */,
				DA003C126AA2001F70605C70 /* Pods-GistTests.debug.xcconfig */,
				A10A29F416BCF6BC9A8B2009 /* Pods-GistTests.release.xcconfig */,
			);
			path = Pods;
			sourceTree = "<group>";
		};
/* End PBXGroup section */

/* Begin PBXNativeTarget section */
		3549C25C24CF900600CE94D0 /* Gist */ = {
			isa = PBXNativeTarget;
			buildConfigurationList = 3549C28924CF900800CE94D0 /* Build configuration list for PBXNativeTarget "Gist" */;
			buildPhases = (
				606599A77A001D52CA900B94 /* [CP] Check Pods Manifest.lock */,
				3549C25924CF900600CE94D0 /* Sources */,
				3549C25A24CF900600CE94D0 /* Frameworks */,
				3549C25B24CF900600CE94D0 /* Resources */,
				89B09021D8EB3EACE1701712 /* [CP] Embed Pods Frameworks */,
			);
			buildRules = (
			);
			dependencies = (
			);
			name = Gist;
			productName = Gist;
			productReference = 3549C25D24CF900600CE94D0 /* Gist.app */;
			productType = "com.apple.product-type.application";
		};
		3549C27424CF900800CE94D0 /* GistTests */ = {
			isa = PBXNativeTarget;
			buildConfigurationList = 3549C28C24CF900800CE94D0 /* Build configuration list for PBXNativeTarget "GistTests" */;
			buildPhases = (
				C61532F85481092ADE136C81 /* [CP] Check Pods Manifest.lock */,
				3549C27124CF900800CE94D0 /* Sources */,
				3549C27224CF900800CE94D0 /* Frameworks */,
				3549C27324CF900800CE94D0 /* Resources */,
			);
			buildRules = (
			);
			dependencies = (
				3549C27724CF900800CE94D0 /* PBXTargetDependency */,
			);
			name = GistTests;
			productName = GistTests;
			productReference = 3549C27524CF900800CE94D0 /* GistTests.xctest */;
			productType = "com.apple.product-type.bundle.unit-test";
		};
		3549C27F24CF900800CE94D0 /* GistUITests */ = {
			isa = PBXNativeTarget;
			buildConfigurationList = 3549C28F24CF900800CE94D0 /* Build configuration list for PBXNativeTarget "GistUITests" */;
			buildPhases = (
				35A3D43C58FD325297B54EEA /* [CP] Check Pods Manifest.lock */,
				3549C27C24CF900800CE94D0 /* Sources */,
				3549C27D24CF900800CE94D0 /* Frameworks */,
				3549C27E24CF900800CE94D0 /* Resources */,
				0B15E9580482F3C87CB0F8D7 /* [CP] Embed Pods Frameworks */,
			);
			buildRules = (
			);
			dependencies = (
				3549C28224CF900800CE94D0 /* PBXTargetDependency */,
			);
			name = GistUITests;
			productName = GistUITests;
			productReference = 3549C28024CF900800CE94D0 /* GistUITests.xctest */;
			productType = "com.apple.product-type.bundle.ui-testing";
		};
/* End PBXNativeTarget section */

/* Begin PBXProject section */
		3549C25524CF900600CE94D0 /* Project object */ = {
			isa = PBXProject;
			attributes = {
				LastSwiftUpdateCheck = 1160;
				LastUpgradeCheck = 1160;
				ORGANIZATIONNAME = Willian;
				TargetAttributes = {
					3549C25C24CF900600CE94D0 = {
						CreatedOnToolsVersion = 11.6;
					};
					3549C27424CF900800CE94D0 = {
						CreatedOnToolsVersion = 11.6;
						TestTargetID = 3549C25C24CF900600CE94D0;
					};
					3549C27F24CF900800CE94D0 = {
						CreatedOnToolsVersion = 11.6;
						TestTargetID = 3549C25C24CF900600CE94D0;
					};
				};
			};
			buildConfigurationList = 3549C25824CF900600CE94D0 /* Build configuration list for PBXProject "Gist" */;
			compatibilityVersion = "Xcode 9.3";
			developmentRegion = en;
			hasScannedForEncodings = 0;
			knownRegions = (
				en,
				Base,
			);
			mainGroup = 3549C25424CF900600CE94D0;
			productRefGroup = 3549C25E24CF900600CE94D0 /* Products */;
			projectDirPath = "";
			projectRoot = "";
			targets = (
				3549C25C24CF900600CE94D0 /* Gist */,
				3549C27424CF900800CE94D0 /* GistTests */,
				3549C27F24CF900800CE94D0 /* GistUITests */,
			);
		};
/* End PBXProject section */

/* Begin PBXResourcesBuildPhase section */
		3549C25B24CF900600CE94D0 /* Resources */ = {
			isa = PBXResourcesBuildPhase;
			buildActionMask = 2147483647;
			files = (
				3549C26F24CF900700CE94D0 /* LaunchScreen.storyboard in Resources */,
				3549C26C24CF900700CE94D0 /* Assets.xcassets in Resources */,
				359730BC24D6172500C31149 /* GoogleService-Info.plist in Resources */,
			);
			runOnlyForDeploymentPostprocessing = 0;
		};
		3549C27324CF900800CE94D0 /* Resources */ = {
			isa = PBXResourcesBuildPhase;
			buildActionMask = 2147483647;
			files = (
			);
			runOnlyForDeploymentPostprocessing = 0;
		};
		3549C27E24CF900800CE94D0 /* Resources */ = {
			isa = PBXResourcesBuildPhase;
			buildActionMask = 2147483647;
			files = (
			);
			runOnlyForDeploymentPostprocessing = 0;
		};
/* End PBXResourcesBuildPhase section */

/* Begin PBXShellScriptBuildPhase section */
		0B15E9580482F3C87CB0F8D7 /* [CP] Embed Pods Frameworks */ = {
			isa = PBXShellScriptBuildPhase;
			buildActionMask = 2147483647;
			files = (
			);
			inputFileListPaths = (
				"${PODS_ROOT}/Target Support Files/Pods-Gist-GistUITests/Pods-Gist-GistUITests-frameworks-${CONFIGURATION}-input-files.xcfilelist",
			);
			name = "[CP] Embed Pods Frameworks";
			outputFileListPaths = (
				"${PODS_ROOT}/Target Support Files/Pods-Gist-GistUITests/Pods-Gist-GistUITests-frameworks-${CONFIGURATION}-output-files.xcfilelist",
			);
			runOnlyForDeploymentPostprocessing = 0;
			shellPath = /bin/sh;
			shellScript = "\"${PODS_ROOT}/Target Support Files/Pods-Gist-GistUITests/Pods-Gist-GistUITests-frameworks.sh\"\n";
			showEnvVarsInLog = 0;
		};
		35A3D43C58FD325297B54EEA /* [CP] Check Pods Manifest.lock */ = {
			isa = PBXShellScriptBuildPhase;
			buildActionMask = 2147483647;
			files = (
			);
			inputFileListPaths = (
			);
			inputPaths = (
				"${PODS_PODFILE_DIR_PATH}/Podfile.lock",
				"${PODS_ROOT}/Manifest.lock",
			);
			name = "[CP] Check Pods Manifest.lock";
			outputFileListPaths = (
			);
			outputPaths = (
				"$(DERIVED_FILE_DIR)/Pods-Gist-GistUITests-checkManifestLockResult.txt",
			);
			runOnlyForDeploymentPostprocessing = 0;
			shellPath = /bin/sh;
			shellScript = "diff \"${PODS_PODFILE_DIR_PATH}/Podfile.lock\" \"${PODS_ROOT}/Manifest.lock\" > /dev/null\nif [ $? != 0 ] ; then\n    # print error to STDERR\n    echo \"error: The sandbox is not in sync with the Podfile.lock. Run 'pod install' or update your CocoaPods installation.\" >&2\n    exit 1\nfi\n# This output is used by Xcode 'outputs' to avoid re-running this script phase.\necho \"SUCCESS\" > \"${SCRIPT_OUTPUT_FILE_0}\"\n";
			showEnvVarsInLog = 0;
		};
		606599A77A001D52CA900B94 /* [CP] Check Pods Manifest.lock */ = {
			isa = PBXShellScriptBuildPhase;
			buildActionMask = 2147483647;
			files = (
			);
			inputFileListPaths = (
			);
			inputPaths = (
				"${PODS_PODFILE_DIR_PATH}/Podfile.lock",
				"${PODS_ROOT}/Manifest.lock",
			);
			name = "[CP] Check Pods Manifest.lock";
			outputFileListPaths = (
			);
			outputPaths = (
				"$(DERIVED_FILE_DIR)/Pods-Gist-checkManifestLockResult.txt",
			);
			runOnlyForDeploymentPostprocessing = 0;
			shellPath = /bin/sh;
			shellScript = "diff \"${PODS_PODFILE_DIR_PATH}/Podfile.lock\" \"${PODS_ROOT}/Manifest.lock\" > /dev/null\nif [ $? != 0 ] ; then\n    # print error to STDERR\n    echo \"error: The sandbox is not in sync with the Podfile.lock. Run 'pod install' or update your CocoaPods installation.\" >&2\n    exit 1\nfi\n# This output is used by Xcode 'outputs' to avoid re-running this script phase.\necho \"SUCCESS\" > \"${SCRIPT_OUTPUT_FILE_0}\"\n";
			showEnvVarsInLog = 0;
		};
		89B09021D8EB3EACE1701712 /* [CP] Embed Pods Frameworks */ = {
			isa = PBXShellScriptBuildPhase;
			buildActionMask = 2147483647;
			files = (
			);
			inputFileListPaths = (
				"${PODS_ROOT}/Target Support Files/Pods-Gist/Pods-Gist-frameworks-${CONFIGURATION}-input-files.xcfilelist",
			);
			name = "[CP] Embed Pods Frameworks";
			outputFileListPaths = (
				"${PODS_ROOT}/Target Support Files/Pods-Gist/Pods-Gist-frameworks-${CONFIGURATION}-output-files.xcfilelist",
			);
			runOnlyForDeploymentPostprocessing = 0;
			shellPath = /bin/sh;
			shellScript = "\"${PODS_ROOT}/Target Support Files/Pods-Gist/Pods-Gist-frameworks.sh\"\n";
			showEnvVarsInLog = 0;
		};
		C61532F85481092ADE136C81 /* [CP] Check Pods Manifest.lock */ = {
			isa = PBXShellScriptBuildPhase;
			buildActionMask = 2147483647;
			files = (
			);
			inputFileListPaths = (
			);
			inputPaths = (
				"${PODS_PODFILE_DIR_PATH}/Podfile.lock",
				"${PODS_ROOT}/Manifest.lock",
			);
			name = "[CP] Check Pods Manifest.lock";
			outputFileListPaths = (
			);
			outputPaths = (
				"$(DERIVED_FILE_DIR)/Pods-GistTests-checkManifestLockResult.txt",
			);
			runOnlyForDeploymentPostprocessing = 0;
			shellPath = /bin/sh;
			shellScript = "diff \"${PODS_PODFILE_DIR_PATH}/Podfile.lock\" \"${PODS_ROOT}/Manifest.lock\" > /dev/null\nif [ $? != 0 ] ; then\n    # print error to STDERR\n    echo \"error: The sandbox is not in sync with the Podfile.lock. Run 'pod install' or update your CocoaPods installation.\" >&2\n    exit 1\nfi\n# This output is used by Xcode 'outputs' to avoid re-running this script phase.\necho \"SUCCESS\" > \"${SCRIPT_OUTPUT_FILE_0}\"\n";
			showEnvVarsInLog = 0;
		};
/* End PBXShellScriptBuildPhase section */

/* Begin PBXSourcesBuildPhase section */
		3549C25924CF900600CE94D0 /* Sources */ = {
			isa = PBXSourcesBuildPhase;
			buildActionMask = 2147483647;
			files = (
				358DA00A24D24B15000790CA /* DiscoverPresenter.swift in Sources */,
				3507C21024D3269500366D6F /* GistPresenter.swift in Sources */,
				35996A7124D4CBE5003A813D /* Bool.swift in Sources */,
				357B2FE224CFD29700813529 /* GistDigestResponse.swift in Sources */,
				357B2FE924CFDB8C00813529 /* GistsTargetType.swift in Sources */,
				3549C29C24CF943800CE94D0 /* DiscoverViewController.swift in Sources */,
				353EF2B624D4C4570094AD0C /* BookmarkGistUseCase.swift in Sources */,
				357B2FD424CFC46A00813529 /* GistsRepository.swift in Sources */,
				3507C22A24D3AD0300366D6F /* ErrorView.swift in Sources */,
				357B2FD724CFC9B400813529 /* MoyaDataSource.swift in Sources */,
				3549C2A224CFAAB700CE94D0 /* GistTableViewController.swift in Sources */,
				3549C26124CF900600CE94D0 /* AppDelegate.swift in Sources */,
				358DA00024D23597000790CA /* BaseView.swift in Sources */,
				358DA00624D2412F000790CA /* Dequeable.swift in Sources */,
				35F6F74D24D5BC5500A4BA41 /* Weakfiable.swift in Sources */,
				359730BE24D61B6900C31149 /* FirebaseDataSource.swift in Sources */,
				35996A6F24D4C8A5003A813D /* FirebaseBookmarksRepository.swift in Sources */,
				3504A8AB24D100DF00202678 /* StackViewBuilder.swift in Sources */,
				359730C024D62B1C00C31149 /* GistDigestReponse+Mappers.swift in Sources */,
				3507C22724D3AD0300366D6F /* EmptyView.swift in Sources */,
				3507C21524D3392200366D6F /* GistScene.swift in Sources */,
				356EAA3924CFB4E100D20FE5 /* GistDigest.swift in Sources */,
				3507C21924D3645900366D6F /* GetPublicGistsUseCase.swift in Sources */,
				35996A6D24D4C6E0003A813D /* BookmarksRepository.swift in Sources */,
				35F6F74B24D5B8A600A4BA41 /* String.swift in Sources */,
				3504A8A924D0FED200202678 /* CustomViewController.swift in Sources */,
				358DA01324D2561A000790CA /* DiscoverConfigurator.swift in Sources */,
				357B2FEB24CFDD3E00813529 /* PublicGistsRequest.swift in Sources */,
				3507C22824D3AD0300366D6F /* LoadingView.swift in Sources */,
				3549C29F24CFA99D00CE94D0 /* SplitViewController.swift in Sources */,
				3578EA9224D28C5D0032F639 /* UserError.swift in Sources */,
				3507C20D24D3173D00366D6F /* Array.swift in Sources */,
				357B2FC424CFBE5A00813529 /* Result.swift in Sources */,
				3507C22924D3AD0300366D6F /* BasicPlaceholderView.swift in Sources */,
				358DA00D24D24B37000790CA /* DiscoverScene.swift in Sources */,
				357B2FBE24CFB84400813529 /* Random.swift in Sources */,
				3507C21724D33DB700366D6F /* DiscoverRouter.swift in Sources */,
				357B2FF324CFF40300813529 /* GistDigest+Mappers.swift in Sources */,
				3507C21224D3358500366D6F /* GistConfigurator.swift in Sources */,
				3504A89B24D07E8100202678 /* URLs.swift in Sources */,
				357B2FEE24CFDF3600813529 /* MoyaGistsRepository.swift in Sources */,
				358DA00224D23717000790CA /* GistDigestCell.swift in Sources */,
			);
			runOnlyForDeploymentPostprocessing = 0;
		};
		3549C27124CF900800CE94D0 /* Sources */ = {
			isa = PBXSourcesBuildPhase;
			buildActionMask = 2147483647;
			files = (
				3578EA8C24D273850032F639 /* DiscoverPresenterTests.swift in Sources */,
				357B2FDC24CFCEB000813529 /* MoyaDataSourceSpy.swift in Sources */,
				3504A8A524D0D33700202678 /* GistDigestResponse+Fixtures.swift in Sources */,
				357B2FCE24CFC3E100813529 /* GistDigest+Fixtures.swift in Sources */,
				357B2FC724CFBFDB00813529 /* ErrorDummy.swift in Sources */,
				358DA01724D26CC2000790CA /* DiscoverPresentationLogicSpy.swift in Sources */,
				357B2FCA24CFC37600813529 /* GistsRepositorySpy.swift in Sources */,
				358DA01124D24BE3000790CA /* DiscoverTableViewControllerTests.swift in Sources */,
				357B2FE624CFD4C300813529 /* GistDigestResponseTests.swift in Sources */,
				3504A89C24D07F2C00202678 /* GistsTargetTypeTests.swift in Sources */,
				358DA01B24D26D29000790CA /* GistDigestViewViewModel+Fixture.swift in Sources */,
				3504A89624D07CBC00202678 /* GistDigestResponseMapperTests.swift in Sources */,
				3504A89E24D0824B00202678 /* PublicGistsRequestTests.swift in Sources */,
				357B2FBB24CFB78200813529 /* GistDigestTests.swift in Sources */,
				357B2FC224CFBD2700813529 /* GetPublicGistsUseCaseTests.swift in Sources */,
				3504A8A224D0D03100202678 /* MoyaGistsRepositoryTests.swift in Sources */,
			);
			runOnlyForDeploymentPostprocessing = 0;
		};
		3549C27C24CF900800CE94D0 /* Sources */ = {
			isa = PBXSourcesBuildPhase;
			buildActionMask = 2147483647;
			files = (
				3549C28524CF900800CE94D0 /* GistUITests.swift in Sources */,
			);
			runOnlyForDeploymentPostprocessing = 0;
		};
/* End PBXSourcesBuildPhase section */

/* Begin PBXTargetDependency section */
		3549C27724CF900800CE94D0 /* PBXTargetDependency */ = {
			isa = PBXTargetDependency;
			target = 3549C25C24CF900600CE94D0 /* Gist */;
			targetProxy = 3549C27624CF900800CE94D0 /* PBXContainerItemProxy */;
		};
		3549C28224CF900800CE94D0 /* PBXTargetDependency */ = {
			isa = PBXTargetDependency;
			target = 3549C25C24CF900600CE94D0 /* Gist */;
			targetProxy = 3549C28124CF900800CE94D0 /* PBXContainerItemProxy */;
		};
/* End PBXTargetDependency section */

/* Begin PBXVariantGroup section */
		3549C26D24CF900700CE94D0 /* LaunchScreen.storyboard */ = {
			isa = PBXVariantGroup;
			children = (
				3549C26E24CF900700CE94D0 /* Base */,
			);
			name = LaunchScreen.storyboard;
			sourceTree = "<group>";
		};
/* End PBXVariantGroup section */

/* Begin XCBuildConfiguration section */
		3549C28724CF900800CE94D0 /* Debug */ = {
			isa = XCBuildConfiguration;
			buildSettings = {
				ALWAYS_SEARCH_USER_PATHS = NO;
				CLANG_ANALYZER_NONNULL = YES;
				CLANG_ANALYZER_NUMBER_OBJECT_CONVERSION = YES_AGGRESSIVE;
				CLANG_CXX_LANGUAGE_STANDARD = "gnu++14";
				CLANG_CXX_LIBRARY = "libc++";
				CLANG_ENABLE_MODULES = YES;
				CLANG_ENABLE_OBJC_ARC = YES;
				CLANG_ENABLE_OBJC_WEAK = YES;
				CLANG_WARN_BLOCK_CAPTURE_AUTORELEASING = YES;
				CLANG_WARN_BOOL_CONVERSION = YES;
				CLANG_WARN_COMMA = YES;
				CLANG_WARN_CONSTANT_CONVERSION = YES;
				CLANG_WARN_DEPRECATED_OBJC_IMPLEMENTATIONS = YES;
				CLANG_WARN_DIRECT_OBJC_ISA_USAGE = YES_ERROR;
				CLANG_WARN_DOCUMENTATION_COMMENTS = YES;
				CLANG_WARN_EMPTY_BODY = YES;
				CLANG_WARN_ENUM_CONVERSION = YES;
				CLANG_WARN_INFINITE_RECURSION = YES;
				CLANG_WARN_INT_CONVERSION = YES;
				CLANG_WARN_NON_LITERAL_NULL_CONVERSION = YES;
				CLANG_WARN_OBJC_IMPLICIT_RETAIN_SELF = YES;
				CLANG_WARN_OBJC_LITERAL_CONVERSION = YES;
				CLANG_WARN_OBJC_ROOT_CLASS = YES_ERROR;
				CLANG_WARN_RANGE_LOOP_ANALYSIS = YES;
				CLANG_WARN_STRICT_PROTOTYPES = YES;
				CLANG_WARN_SUSPICIOUS_MOVE = YES;
				CLANG_WARN_UNGUARDED_AVAILABILITY = YES_AGGRESSIVE;
				CLANG_WARN_UNREACHABLE_CODE = YES;
				CLANG_WARN__DUPLICATE_METHOD_MATCH = YES;
				COPY_PHASE_STRIP = NO;
				DEBUG_INFORMATION_FORMAT = dwarf;
				ENABLE_STRICT_OBJC_MSGSEND = YES;
				ENABLE_TESTABILITY = YES;
				GCC_C_LANGUAGE_STANDARD = gnu11;
				GCC_DYNAMIC_NO_PIC = NO;
				GCC_NO_COMMON_BLOCKS = YES;
				GCC_OPTIMIZATION_LEVEL = 0;
				GCC_PREPROCESSOR_DEFINITIONS = (
					"DEBUG=1",
					"$(inherited)",
				);
				GCC_WARN_64_TO_32_BIT_CONVERSION = YES;
				GCC_WARN_ABOUT_RETURN_TYPE = YES_ERROR;
				GCC_WARN_UNDECLARED_SELECTOR = YES;
				GCC_WARN_UNINITIALIZED_AUTOS = YES_AGGRESSIVE;
				GCC_WARN_UNUSED_FUNCTION = YES;
				GCC_WARN_UNUSED_VARIABLE = YES;
				IPHONEOS_DEPLOYMENT_TARGET = 13.6;
				MTL_ENABLE_DEBUG_INFO = INCLUDE_SOURCE;
				MTL_FAST_MATH = YES;
				ONLY_ACTIVE_ARCH = YES;
				SDKROOT = iphoneos;
				SWIFT_ACTIVE_COMPILATION_CONDITIONS = DEBUG;
				SWIFT_OPTIMIZATION_LEVEL = "-Onone";
			};
			name = Debug;
		};
		3549C28824CF900800CE94D0 /* Release */ = {
			isa = XCBuildConfiguration;
			buildSettings = {
				ALWAYS_SEARCH_USER_PATHS = NO;
				CLANG_ANALYZER_NONNULL = YES;
				CLANG_ANALYZER_NUMBER_OBJECT_CONVERSION = YES_AGGRESSIVE;
				CLANG_CXX_LANGUAGE_STANDARD = "gnu++14";
				CLANG_CXX_LIBRARY = "libc++";
				CLANG_ENABLE_MODULES = YES;
				CLANG_ENABLE_OBJC_ARC = YES;
				CLANG_ENABLE_OBJC_WEAK = YES;
				CLANG_WARN_BLOCK_CAPTURE_AUTORELEASING = YES;
				CLANG_WARN_BOOL_CONVERSION = YES;
				CLANG_WARN_COMMA = YES;
				CLANG_WARN_CONSTANT_CONVERSION = YES;
				CLANG_WARN_DEPRECATED_OBJC_IMPLEMENTATIONS = YES;
				CLANG_WARN_DIRECT_OBJC_ISA_USAGE = YES_ERROR;
				CLANG_WARN_DOCUMENTATION_COMMENTS = YES;
				CLANG_WARN_EMPTY_BODY = YES;
				CLANG_WARN_ENUM_CONVERSION = YES;
				CLANG_WARN_INFINITE_RECURSION = YES;
				CLANG_WARN_INT_CONVERSION = YES;
				CLANG_WARN_NON_LITERAL_NULL_CONVERSION = YES;
				CLANG_WARN_OBJC_IMPLICIT_RETAIN_SELF = YES;
				CLANG_WARN_OBJC_LITERAL_CONVERSION = YES;
				CLANG_WARN_OBJC_ROOT_CLASS = YES_ERROR;
				CLANG_WARN_RANGE_LOOP_ANALYSIS = YES;
				CLANG_WARN_STRICT_PROTOTYPES = YES;
				CLANG_WARN_SUSPICIOUS_MOVE = YES;
				CLANG_WARN_UNGUARDED_AVAILABILITY = YES_AGGRESSIVE;
				CLANG_WARN_UNREACHABLE_CODE = YES;
				CLANG_WARN__DUPLICATE_METHOD_MATCH = YES;
				COPY_PHASE_STRIP = NO;
				DEBUG_INFORMATION_FORMAT = "dwarf-with-dsym";
				ENABLE_NS_ASSERTIONS = NO;
				ENABLE_STRICT_OBJC_MSGSEND = YES;
				GCC_C_LANGUAGE_STANDARD = gnu11;
				GCC_NO_COMMON_BLOCKS = YES;
				GCC_WARN_64_TO_32_BIT_CONVERSION = YES;
				GCC_WARN_ABOUT_RETURN_TYPE = YES_ERROR;
				GCC_WARN_UNDECLARED_SELECTOR = YES;
				GCC_WARN_UNINITIALIZED_AUTOS = YES_AGGRESSIVE;
				GCC_WARN_UNUSED_FUNCTION = YES;
				GCC_WARN_UNUSED_VARIABLE = YES;
				IPHONEOS_DEPLOYMENT_TARGET = 13.6;
				MTL_ENABLE_DEBUG_INFO = NO;
				MTL_FAST_MATH = YES;
				SDKROOT = iphoneos;
				SWIFT_COMPILATION_MODE = wholemodule;
				SWIFT_OPTIMIZATION_LEVEL = "-O";
				VALIDATE_PRODUCT = YES;
			};
			name = Release;
		};
		3549C28A24CF900800CE94D0 /* Debug */ = {
			isa = XCBuildConfiguration;
			baseConfigurationReference = 7958A52B76F6B18A6EF72CA2 /* Pods-Gist.debug.xcconfig */;
			buildSettings = {
				ASSETCATALOG_COMPILER_APPICON_NAME = AppIcon;
				CODE_SIGN_STYLE = Automatic;
				DEVELOPMENT_TEAM = M477CCRL65;
				INFOPLIST_FILE = Gist/App/Resources/Info.plist;
				LD_RUNPATH_SEARCH_PATHS = (
					"$(inherited)",
					"@executable_path/Frameworks",
				);
				PRODUCT_BUNDLE_IDENTIFIER = com.willian.Gist;
				PRODUCT_NAME = "$(TARGET_NAME)";
				SWIFT_VERSION = 5.0;
				TARGETED_DEVICE_FAMILY = "1,2";
			};
			name = Debug;
		};
		3549C28B24CF900800CE94D0 /* Release */ = {
			isa = XCBuildConfiguration;
			baseConfigurationReference = 84923CC397DA36C9406967BE /* Pods-Gist.release.xcconfig */;
			buildSettings = {
				ASSETCATALOG_COMPILER_APPICON_NAME = AppIcon;
				CODE_SIGN_STYLE = Automatic;
				DEVELOPMENT_TEAM = M477CCRL65;
				INFOPLIST_FILE = Gist/App/Resources/Info.plist;
				LD_RUNPATH_SEARCH_PATHS = (
					"$(inherited)",
					"@executable_path/Frameworks",
				);
				PRODUCT_BUNDLE_IDENTIFIER = com.willian.Gist;
				PRODUCT_NAME = "$(TARGET_NAME)";
				SWIFT_VERSION = 5.0;
				TARGETED_DEVICE_FAMILY = "1,2";
			};
			name = Release;
		};
		3549C28D24CF900800CE94D0 /* Debug */ = {
			isa = XCBuildConfiguration;
			baseConfigurationReference = DA003C126AA2001F70605C70 /* Pods-GistTests.debug.xcconfig */;
			buildSettings = {
				ALWAYS_EMBED_SWIFT_STANDARD_LIBRARIES = YES;
				BUNDLE_LOADER = "$(TEST_HOST)";
				CODE_SIGN_STYLE = Automatic;
				DEVELOPMENT_TEAM = M477CCRL65;
				INFOPLIST_FILE = GistTests/Info.plist;
				IPHONEOS_DEPLOYMENT_TARGET = 13.6;
				LD_RUNPATH_SEARCH_PATHS = (
					"$(inherited)",
					"@executable_path/Frameworks",
					"@loader_path/Frameworks",
				);
				PRODUCT_BUNDLE_IDENTIFIER = com.willian.GistTests;
				PRODUCT_NAME = "$(TARGET_NAME)";
				SWIFT_VERSION = 5.0;
				TARGETED_DEVICE_FAMILY = "1,2";
				TEST_HOST = "$(BUILT_PRODUCTS_DIR)/Gist.app/Gist";
			};
			name = Debug;
		};
		3549C28E24CF900800CE94D0 /* Release */ = {
			isa = XCBuildConfiguration;
			baseConfigurationReference = A10A29F416BCF6BC9A8B2009 /* Pods-GistTests.release.xcconfig */;
			buildSettings = {
				ALWAYS_EMBED_SWIFT_STANDARD_LIBRARIES = YES;
				BUNDLE_LOADER = "$(TEST_HOST)";
				CODE_SIGN_STYLE = Automatic;
				DEVELOPMENT_TEAM = M477CCRL65;
				INFOPLIST_FILE = GistTests/Info.plist;
				IPHONEOS_DEPLOYMENT_TARGET = 13.6;
				LD_RUNPATH_SEARCH_PATHS = (
					"$(inherited)",
					"@executable_path/Frameworks",
					"@loader_path/Frameworks",
				);
				PRODUCT_BUNDLE_IDENTIFIER = com.willian.GistTests;
				PRODUCT_NAME = "$(TARGET_NAME)";
				SWIFT_VERSION = 5.0;
				TARGETED_DEVICE_FAMILY = "1,2";
				TEST_HOST = "$(BUILT_PRODUCTS_DIR)/Gist.app/Gist";
			};
			name = Release;
		};
		3549C29024CF900800CE94D0 /* Debug */ = {
			isa = XCBuildConfiguration;
			baseConfigurationReference = C2259588C365803089381A4C /* Pods-Gist-GistUITests.debug.xcconfig */;
			buildSettings = {
				ALWAYS_EMBED_SWIFT_STANDARD_LIBRARIES = YES;
				CODE_SIGN_STYLE = Automatic;
				DEVELOPMENT_TEAM = M477CCRL65;
				INFOPLIST_FILE = GistUITests/Info.plist;
				LD_RUNPATH_SEARCH_PATHS = (
					"$(inherited)",
					"@executable_path/Frameworks",
					"@loader_path/Frameworks",
				);
				PRODUCT_BUNDLE_IDENTIFIER = com.willian.GistUITests;
				PRODUCT_NAME = "$(TARGET_NAME)";
				SWIFT_VERSION = 5.0;
				TARGETED_DEVICE_FAMILY = "1,2";
				TEST_TARGET_NAME = Gist;
			};
			name = Debug;
		};
		3549C29124CF900800CE94D0 /* Release */ = {
			isa = XCBuildConfiguration;
			baseConfigurationReference = C160D1BF3F199E2E3419325D /* Pods-Gist-GistUITests.release.xcconfig */;
			buildSettings = {
				ALWAYS_EMBED_SWIFT_STANDARD_LIBRARIES = YES;
				CODE_SIGN_STYLE = Automatic;
				DEVELOPMENT_TEAM = M477CCRL65;
				INFOPLIST_FILE = GistUITests/Info.plist;
				LD_RUNPATH_SEARCH_PATHS = (
					"$(inherited)",
					"@executable_path/Frameworks",
					"@loader_path/Frameworks",
				);
				PRODUCT_BUNDLE_IDENTIFIER = com.willian.GistUITests;
				PRODUCT_NAME = "$(TARGET_NAME)";
				SWIFT_VERSION = 5.0;
				TARGETED_DEVICE_FAMILY = "1,2";
				TEST_TARGET_NAME = Gist;
			};
			name = Release;
		};
/* End XCBuildConfiguration section */

/* Begin XCConfigurationList section */
		3549C25824CF900600CE94D0 /* Build configuration list for PBXProject "Gist" */ = {
			isa = XCConfigurationList;
			buildConfigurations = (
				3549C28724CF900800CE94D0 /* Debug */,
				3549C28824CF900800CE94D0 /* Release */,
			);
			defaultConfigurationIsVisible = 0;
			defaultConfigurationName = Release;
		};
		3549C28924CF900800CE94D0 /* Build configuration list for PBXNativeTarget "Gist" */ = {
			isa = XCConfigurationList;
			buildConfigurations = (
				3549C28A24CF900800CE94D0 /* Debug */,
				3549C28B24CF900800CE94D0 /* Release */,
			);
			defaultConfigurationIsVisible = 0;
			defaultConfigurationName = Release;
		};
		3549C28C24CF900800CE94D0 /* Build configuration list for PBXNativeTarget "GistTests" */ = {
			isa = XCConfigurationList;
			buildConfigurations = (
				3549C28D24CF900800CE94D0 /* Debug */,
				3549C28E24CF900800CE94D0 /* Release */,
			);
			defaultConfigurationIsVisible = 0;
			defaultConfigurationName = Release;
		};
		3549C28F24CF900800CE94D0 /* Build configuration list for PBXNativeTarget "GistUITests" */ = {
			isa = XCConfigurationList;
			buildConfigurations = (
				3549C29024CF900800CE94D0 /* Debug */,
				3549C29124CF900800CE94D0 /* Release */,
			);
			defaultConfigurationIsVisible = 0;
			defaultConfigurationName = Release;
		};
/* End XCConfigurationList section */
	};
	rootObject = 3549C25524CF900600CE94D0 /* Project object */;
}
