// !$*UTF8*$!
{
	archiveVersion = 1;
	classes = {
	};
	objectVersion = 50;
	objects = {

/* Begin PBXBuildFile section */
		357F20FB24CE24DF005CC956 /* AppDelegate.swift in Sources */ = {isa = PBXBuildFile; fileRef = 357F20FA24CE24DF005CC956 /* AppDelegate.swift */; };
		357F20FD24CE24DF005CC956 /* SceneDelegate.swift in Sources */ = {isa = PBXBuildFile; fileRef = 357F20FC24CE24DF005CC956 /* SceneDelegate.swift */; };
		357F20FF24CE24DF005CC956 /* MasterViewController.swift in Sources */ = {isa = PBXBuildFile; fileRef = 357F20FE24CE24DF005CC956 /* MasterViewController.swift */; };
		357F210124CE24DF005CC956 /* DetailViewController.swift in Sources */ = {isa = PBXBuildFile; fileRef = 357F210024CE24DF005CC956 /* DetailViewController.swift */; };
		357F210424CE24DF005CC956 /* Main.storyboard in Resources */ = {isa = PBXBuildFile; fileRef = 357F210224CE24DF005CC956 /* Main.storyboard */; };
		357F210624CE24E0005CC956 /* Assets.xcassets in Resources */ = {isa = PBXBuildFile; fileRef = 357F210524CE24E0005CC956 /* Assets.xcassets */; };
		357F210924CE24E0005CC956 /* LaunchScreen.storyboard in Resources */ = {isa = PBXBuildFile; fileRef = 357F210724CE24E0005CC956 /* LaunchScreen.storyboard */; };
		357F211424CE24E0005CC956 /* GistTests.swift in Sources */ = {isa = PBXBuildFile; fileRef = 357F211324CE24E0005CC956 /* GistTests.swift */; };
		357F212024CE26B9005CC956 /* WebKit.framework in Frameworks */ = {isa = PBXBuildFile; fileRef = 357F211F24CE26B9005CC956 /* WebKit.framework */; };
/* End PBXBuildFile section */

/* Begin PBXContainerItemProxy section */
		357F211024CE24E0005CC956 /* PBXContainerItemProxy */ = {
			isa = PBXContainerItemProxy;
			containerPortal = 357F20EF24CE24DF005CC956 /* Project object */;
			proxyType = 1;
			remoteGlobalIDString = 357F20F624CE24DF005CC956;
			remoteInfo = Gist;
		};
/* End PBXContainerItemProxy section */

/* Begin PBXFileReference section */
		357F20F724CE24DF005CC956 /* Gist.app */ = {isa = PBXFileReference; explicitFileType = wrapper.application; includeInIndex = 0; path = Gist.app; sourceTree = BUILT_PRODUCTS_DIR; };
		357F20FA24CE24DF005CC956 /* AppDelegate.swift */ = {isa = PBXFileReference; lastKnownFileType = sourcecode.swift; path = AppDelegate.swift; sourceTree = "<group>"; };
		357F20FC24CE24DF005CC956 /* SceneDelegate.swift */ = {isa = PBXFileReference; lastKnownFileType = sourcecode.swift; path = SceneDelegate.swift; sourceTree = "<group>"; };
		357F20FE24CE24DF005CC956 /* MasterViewController.swift */ = {isa = PBXFileReference; lastKnownFileType = sourcecode.swift; path = MasterViewController.swift; sourceTree = "<group>"; };
		357F210024CE24DF005CC956 /* DetailViewController.swift */ = {isa = PBXFileReference; lastKnownFileType = sourcecode.swift; path = DetailViewController.swift; sourceTree = "<group>"; };
		357F210324CE24DF005CC956 /* Base */ = {isa = PBXFileReference; lastKnownFileType = file.storyboard; name = Base; path = Base.lproj/Main.storyboard; sourceTree = "<group>"; };
		357F210524CE24E0005CC956 /* Assets.xcassets */ = {isa = PBXFileReference; lastKnownFileType = folder.assetcatalog; path = Assets.xcassets; sourceTree = "<group>"; };
		357F210824CE24E0005CC956 /* Base */ = {isa = PBXFileReference; lastKnownFileType = file.storyboard; name = Base; path = Base.lproj/LaunchScreen.storyboard; sourceTree = "<group>"; };
		357F210A24CE24E0005CC956 /* Info.plist */ = {isa = PBXFileReference; lastKnownFileType = text.plist.xml; path = Info.plist; sourceTree = "<group>"; };
		357F210F24CE24E0005CC956 /* GistTests.xctest */ = {isa = PBXFileReference; explicitFileType = wrapper.cfbundle; includeInIndex = 0; path = GistTests.xctest; sourceTree = BUILT_PRODUCTS_DIR; };
		357F211324CE24E0005CC956 /* GistTests.swift */ = {isa = PBXFileReference; lastKnownFileType = sourcecode.swift; path = GistTests.swift; sourceTree = "<group>"; };
		357F211524CE24E0005CC956 /* Info.plist */ = {isa = PBXFileReference; lastKnownFileType = text.plist.xml; path = Info.plist; sourceTree = "<group>"; };
		357F211F24CE26B9005CC956 /* WebKit.framework */ = {isa = PBXFileReference; lastKnownFileType = wrapper.framework; name = WebKit.framework; path = System/Library/Frameworks/WebKit.framework; sourceTree = SDKROOT; };
/* End PBXFileReference section */

/* Begin PBXFrameworksBuildPhase section */
		357F20F424CE24DF005CC956 /* Frameworks */ = {
			isa = PBXFrameworksBuildPhase;
			buildActionMask = 2147483647;
			files = (
				357F212024CE26B9005CC956 /* WebKit.framework in Frameworks */,
			);
			runOnlyForDeploymentPostprocessing = 0;
		};
		357F210C24CE24E0005CC956 /* Frameworks */ = {
			isa = PBXFrameworksBuildPhase;
			buildActionMask = 2147483647;
			files = (
			);
			runOnlyForDeploymentPostprocessing = 0;
		};
/* End PBXFrameworksBuildPhase section */

/* Begin PBXGroup section */
		357F20EE24CE24DF005CC956 = {
			isa = PBXGroup;
			children = (
				357F20F924CE24DF005CC956 /* Gist */,
				357F211224CE24E0005CC956 /* GistTests */,
				357F20F824CE24DF005CC956 /* Products */,
				357F211E24CE26B9005CC956 /* Frameworks */,
			);
			sourceTree = "<group>";
		};
		357F20F824CE24DF005CC956 /* Products */ = {
			isa = PBXGroup;
			children = (
				357F20F724CE24DF005CC956 /* Gist.app */,
				357F210F24CE24E0005CC956 /* GistTests.xctest */,
			);
			name = Products;
			sourceTree = "<group>";
		};
		357F20F924CE24DF005CC956 /* Gist */ = {
			isa = PBXGroup;
			children = (
				357F20FA24CE24DF005CC956 /* AppDelegate.swift */,
				357F20FC24CE24DF005CC956 /* SceneDelegate.swift */,
				357F20FE24CE24DF005CC956 /* MasterViewController.swift */,
				357F210024CE24DF005CC956 /* DetailViewController.swift */,
				357F210224CE24DF005CC956 /* Main.storyboard */,
				357F210524CE24E0005CC956 /* Assets.xcassets */,
				357F210724CE24E0005CC956 /* LaunchScreen.storyboard */,
				357F210A24CE24E0005CC956 /* Info.plist */,
			);
			path = Gist;
			sourceTree = "<group>";
		};
		357F211224CE24E0005CC956 /* GistTests */ = {
			isa = PBXGroup;
			children = (
				357F211324CE24E0005CC956 /* GistTests.swift */,
				357F211524CE24E0005CC956 /* Info.plist */,
			);
			path = GistTests;
			sourceTree = "<group>";
		};
		357F211E24CE26B9005CC956 /* Frameworks */ = {
			isa = PBXGroup;
			children = (
				357F211F24CE26B9005CC956 /* WebKit.framework */,
			);
			name = Frameworks;
			sourceTree = "<group>";
		};
/* End PBXGroup section */

/* Begin PBXNativeTarget section */
		357F20F624CE24DF005CC956 /* Gist */ = {
			isa = PBXNativeTarget;
			buildConfigurationList = 357F211824CE24E0005CC956 /* Build configuration list for PBXNativeTarget "Gist" */;
			buildPhases = (
				357F20F324CE24DF005CC956 /* Sources */,
				357F20F424CE24DF005CC956 /* Frameworks */,
				357F20F524CE24DF005CC956 /* Resources */,
			);
			buildRules = (
			);
			dependencies = (
			);
			name = Gist;
			productName = Gist;
			productReference = 357F20F724CE24DF005CC956 /* Gist.app */;
			productType = "com.apple.product-type.application";
		};
		357F210E24CE24E0005CC956 /* GistTests */ = {
			isa = PBXNativeTarget;
			buildConfigurationList = 357F211B24CE24E0005CC956 /* Build configuration list for PBXNativeTarget "GistTests" */;
			buildPhases = (
				357F210B24CE24E0005CC956 /* Sources */,
				357F210C24CE24E0005CC956 /* Frameworks */,
				357F210D24CE24E0005CC956 /* Resources */,
			);
			buildRules = (
			);
			dependencies = (
				357F211124CE24E0005CC956 /* PBXTargetDependency */,
			);
			name = GistTests;
			productName = GistTests;
			productReference = 357F210F24CE24E0005CC956 /* GistTests.xctest */;
			productType = "com.apple.product-type.bundle.unit-test";
		};
/* End PBXNativeTarget section */

/* Begin PBXProject section */
		357F20EF24CE24DF005CC956 /* Project object */ = {
			isa = PBXProject;
			attributes = {
				LastSwiftUpdateCheck = 1160;
				LastUpgradeCheck = 1160;
				ORGANIZATIONNAME = Willian;
				TargetAttributes = {
					357F20F624CE24DF005CC956 = {
						CreatedOnToolsVersion = 11.6;
					};
					357F210E24CE24E0005CC956 = {
						CreatedOnToolsVersion = 11.6;
						TestTargetID = 357F20F624CE24DF005CC956;
					};
				};
			};
			buildConfigurationList = 357F20F224CE24DF005CC956 /* Build configuration list for PBXProject "Gist" */;
			compatibilityVersion = "Xcode 9.3";
			developmentRegion = en;
			hasScannedForEncodings = 0;
			knownRegions = (
				en,
				Base,
			);
			mainGroup = 357F20EE24CE24DF005CC956;
			productRefGroup = 357F20F824CE24DF005CC956 /* Products */;
			projectDirPath = "";
			projectRoot = "";
			targets = (
				357F20F624CE24DF005CC956 /* Gist */,
				357F210E24CE24E0005CC956 /* GistTests */,
			);
		};
/* End PBXProject section */

/* Begin PBXResourcesBuildPhase section */
		357F20F524CE24DF005CC956 /* Resources */ = {
			isa = PBXResourcesBuildPhase;
			buildActionMask = 2147483647;
			files = (
				357F210924CE24E0005CC956 /* LaunchScreen.storyboard in Resources */,
				357F210624CE24E0005CC956 /* Assets.xcassets in Resources */,
				357F210424CE24DF005CC956 /* Main.storyboard in Resources */,
			);
			runOnlyForDeploymentPostprocessing = 0;
		};
		357F210D24CE24E0005CC956 /* Resources */ = {
			isa = PBXResourcesBuildPhase;
			buildActionMask = 2147483647;
			files = (
			);
			runOnlyForDeploymentPostprocessing = 0;
		};
/* End PBXResourcesBuildPhase section */

/* Begin PBXSourcesBuildPhase section */
		357F20F324CE24DF005CC956 /* Sources */ = {
			isa = PBXSourcesBuildPhase;
			buildActionMask = 2147483647;
			files = (
				357F20FB24CE24DF005CC956 /* AppDelegate.swift in Sources */,
				357F20FD24CE24DF005CC956 /* SceneDelegate.swift in Sources */,
				357F20FF24CE24DF005CC956 /* MasterViewController.swift in Sources */,
				357F210124CE24DF005CC956 /* DetailViewController.swift in Sources */,
			);
			runOnlyForDeploymentPostprocessing = 0;
		};
		357F210B24CE24E0005CC956 /* Sources */ = {
			isa = PBXSourcesBuildPhase;
			buildActionMask = 2147483647;
			files = (
				357F211424CE24E0005CC956 /* GistTests.swift in Sources */,
			);
			runOnlyForDeploymentPostprocessing = 0;
		};
/* End PBXSourcesBuildPhase section */

/* Begin PBXTargetDependency section */
		357F211124CE24E0005CC956 /* PBXTargetDependency */ = {
			isa = PBXTargetDependency;
			target = 357F20F624CE24DF005CC956 /* Gist */;
			targetProxy = 357F211024CE24E0005CC956 /* PBXContainerItemProxy */;
		};
/* End PBXTargetDependency section */

/* Begin PBXVariantGroup section */
		357F210224CE24DF005CC956 /* Main.storyboard */ = {
			isa = PBXVariantGroup;
			children = (
				357F210324CE24DF005CC956 /* Base */,
			);
			name = Main.storyboard;
			sourceTree = "<group>";
		};
		357F210724CE24E0005CC956 /* LaunchScreen.storyboard */ = {
			isa = PBXVariantGroup;
			children = (
				357F210824CE24E0005CC956 /* Base */,
			);
			name = LaunchScreen.storyboard;
			sourceTree = "<group>";
		};
/* End PBXVariantGroup section */

/* Begin XCBuildConfiguration section */
		357F211624CE24E0005CC956 /* Debug */ = {
			isa = XCBuildConfiguration;
			buildSettings = {
				ALWAYS_SEARCH_USER_PATHS = NO;
				CLANG_ANALYZER_NONNULL = YES;
				CLANG_ANALYZER_NUMBER_OBJECT_CONVERSION = YES_AGGRESSIVE;
				CLANG_CXX_LANGUAGE_STANDARD = "gnu++14";
				CLANG_CXX_LIBRARY = "libc++";
				CLANG_ENABLE_MODULES = YES;
				CLANG_ENABLE_OBJC_ARC = YES;
				CLANG_ENABLE_OBJC_WEAK = YES;
				CLANG_WARN_BLOCK_CAPTURE_AUTORELEASING = YES;
				CLANG_WARN_BOOL_CONVERSION = YES;
				CLANG_WARN_COMMA = YES;
				CLANG_WARN_CONSTANT_CONVERSION = YES;
				CLANG_WARN_DEPRECATED_OBJC_IMPLEMENTATIONS = YES;
				CLANG_WARN_DIRECT_OBJC_ISA_USAGE = YES_ERROR;
				CLANG_WARN_DOCUMENTATION_COMMENTS = YES;
				CLANG_WARN_EMPTY_BODY = YES;
				CLANG_WARN_ENUM_CONVERSION = YES;
				CLANG_WARN_INFINITE_RECURSION = YES;
				CLANG_WARN_INT_CONVERSION = YES;
				CLANG_WARN_NON_LITERAL_NULL_CONVERSION = YES;
				CLANG_WARN_OBJC_IMPLICIT_RETAIN_SELF = YES;
				CLANG_WARN_OBJC_LITERAL_CONVERSION = YES;
				CLANG_WARN_OBJC_ROOT_CLASS = YES_ERROR;
				CLANG_WARN_RANGE_LOOP_ANALYSIS = YES;
				CLANG_WARN_STRICT_PROTOTYPES = YES;
				CLANG_WARN_SUSPICIOUS_MOVE = YES;
				CLANG_WARN_UNGUARDED_AVAILABILITY = YES_AGGRESSIVE;
				CLANG_WARN_UNREACHABLE_CODE = YES;
				CLANG_WARN__DUPLICATE_METHOD_MATCH = YES;
				COPY_PHASE_STRIP = NO;
				DEBUG_INFORMATION_FORMAT = dwarf;
				ENABLE_STRICT_OBJC_MSGSEND = YES;
				ENABLE_TESTABILITY = YES;
				GCC_C_LANGUAGE_STANDARD = gnu11;
				GCC_DYNAMIC_NO_PIC = NO;
				GCC_NO_COMMON_BLOCKS = YES;
				GCC_OPTIMIZATION_LEVEL = 0;
				GCC_PREPROCESSOR_DEFINITIONS = (
					"DEBUG=1",
					"$(inherited)",
				);
				GCC_WARN_64_TO_32_BIT_CONVERSION = YES;
				GCC_WARN_ABOUT_RETURN_TYPE = YES_ERROR;
				GCC_WARN_UNDECLARED_SELECTOR = YES;
				GCC_WARN_UNINITIALIZED_AUTOS = YES_AGGRESSIVE;
				GCC_WARN_UNUSED_FUNCTION = YES;
				GCC_WARN_UNUSED_VARIABLE = YES;
				IPHONEOS_DEPLOYMENT_TARGET = 13.6;
				MTL_ENABLE_DEBUG_INFO = INCLUDE_SOURCE;
				MTL_FAST_MATH = YES;
				ONLY_ACTIVE_ARCH = YES;
				SDKROOT = iphoneos;
				SWIFT_ACTIVE_COMPILATION_CONDITIONS = DEBUG;
				SWIFT_OPTIMIZATION_LEVEL = "-Onone";
			};
			name = Debug;
		};
		357F211724CE24E0005CC956 /* Release */ = {
			isa = XCBuildConfiguration;
			buildSettings = {
				ALWAYS_SEARCH_USER_PATHS = NO;
				CLANG_ANALYZER_NONNULL = YES;
				CLANG_ANALYZER_NUMBER_OBJECT_CONVERSION = YES_AGGRESSIVE;
				CLANG_CXX_LANGUAGE_STANDARD = "gnu++14";
				CLANG_CXX_LIBRARY = "libc++";
				CLANG_ENABLE_MODULES = YES;
				CLANG_ENABLE_OBJC_ARC = YES;
				CLANG_ENABLE_OBJC_WEAK = YES;
				CLANG_WARN_BLOCK_CAPTURE_AUTORELEASING = YES;
				CLANG_WARN_BOOL_CONVERSION = YES;
				CLANG_WARN_COMMA = YES;
				CLANG_WARN_CONSTANT_CONVERSION = YES;
				CLANG_WARN_DEPRECATED_OBJC_IMPLEMENTATIONS = YES;
				CLANG_WARN_DIRECT_OBJC_ISA_USAGE = YES_ERROR;
				CLANG_WARN_DOCUMENTATION_COMMENTS = YES;
				CLANG_WARN_EMPTY_BODY = YES;
				CLANG_WARN_ENUM_CONVERSION = YES;
				CLANG_WARN_INFINITE_RECURSION = YES;
				CLANG_WARN_INT_CONVERSION = YES;
				CLANG_WARN_NON_LITERAL_NULL_CONVERSION = YES;
				CLANG_WARN_OBJC_IMPLICIT_RETAIN_SELF = YES;
				CLANG_WARN_OBJC_LITERAL_CONVERSION = YES;
				CLANG_WARN_OBJC_ROOT_CLASS = YES_ERROR;
				CLANG_WARN_RANGE_LOOP_ANALYSIS = YES;
				CLANG_WARN_STRICT_PROTOTYPES = YES;
				CLANG_WARN_SUSPICIOUS_MOVE = YES;
				CLANG_WARN_UNGUARDED_AVAILABILITY = YES_AGGRESSIVE;
				CLANG_WARN_UNREACHABLE_CODE = YES;
				CLANG_WARN__DUPLICATE_METHOD_MATCH = YES;
				COPY_PHASE_STRIP = NO;
				DEBUG_INFORMATION_FORMAT = "dwarf-with-dsym";
				ENABLE_NS_ASSERTIONS = NO;
				ENABLE_STRICT_OBJC_MSGSEND = YES;
				GCC_C_LANGUAGE_STANDARD = gnu11;
				GCC_NO_COMMON_BLOCKS = YES;
				GCC_WARN_64_TO_32_BIT_CONVERSION = YES;
				GCC_WARN_ABOUT_RETURN_TYPE = YES_ERROR;
				GCC_WARN_UNDECLARED_SELECTOR = YES;
				GCC_WARN_UNINITIALIZED_AUTOS = YES_AGGRESSIVE;
				GCC_WARN_UNUSED_FUNCTION = YES;
				GCC_WARN_UNUSED_VARIABLE = YES;
				IPHONEOS_DEPLOYMENT_TARGET = 13.6;
				MTL_ENABLE_DEBUG_INFO = NO;
				MTL_FAST_MATH = YES;
				SDKROOT = iphoneos;
				SWIFT_COMPILATION_MODE = wholemodule;
				SWIFT_OPTIMIZATION_LEVEL = "-O";
				VALIDATE_PRODUCT = YES;
			};
			name = Release;
		};
		357F211924CE24E0005CC956 /* Debug */ = {
			isa = XCBuildConfiguration;
			buildSettings = {
				ASSETCATALOG_COMPILER_APPICON_NAME = AppIcon;
				CODE_SIGN_STYLE = Automatic;
				DEVELOPMENT_TEAM = M477CCRL65;
				INFOPLIST_FILE = Gist/Info.plist;
				LD_RUNPATH_SEARCH_PATHS = (
					"$(inherited)",
					"@executable_path/Frameworks",
				);
				PRODUCT_BUNDLE_IDENTIFIER = com.willian.Gist;
				PRODUCT_NAME = "$(TARGET_NAME)";
				SWIFT_VERSION = 5.0;
				TARGETED_DEVICE_FAMILY = "1,2";
			};
			name = Debug;
		};
		357F211A24CE24E0005CC956 /* Release */ = {
			isa = XCBuildConfiguration;
			buildSettings = {
				ASSETCATALOG_COMPILER_APPICON_NAME = AppIcon;
				CODE_SIGN_STYLE = Automatic;
				DEVELOPMENT_TEAM = M477CCRL65;
				INFOPLIST_FILE = Gist/Info.plist;
				LD_RUNPATH_SEARCH_PATHS = (
					"$(inherited)",
					"@executable_path/Frameworks",
				);
				PRODUCT_BUNDLE_IDENTIFIER = com.willian.Gist;
				PRODUCT_NAME = "$(TARGET_NAME)";
				SWIFT_VERSION = 5.0;
				TARGETED_DEVICE_FAMILY = "1,2";
			};
			name = Release;
		};
		357F211C24CE24E0005CC956 /* Debug */ = {
			isa = XCBuildConfiguration;
			buildSettings = {
				ALWAYS_EMBED_SWIFT_STANDARD_LIBRARIES = YES;
				BUNDLE_LOADER = "$(TEST_HOST)";
				CODE_SIGN_STYLE = Automatic;
				DEVELOPMENT_TEAM = M477CCRL65;
				INFOPLIST_FILE = GistTests/Info.plist;
				IPHONEOS_DEPLOYMENT_TARGET = 13.6;
				LD_RUNPATH_SEARCH_PATHS = (
					"$(inherited)",
					"@executable_path/Frameworks",
					"@loader_path/Frameworks",
				);
				PRODUCT_BUNDLE_IDENTIFIER = com.willian.GistTests;
				PRODUCT_NAME = "$(TARGET_NAME)";
				SWIFT_VERSION = 5.0;
				TARGETED_DEVICE_FAMILY = "1,2";
				TEST_HOST = "$(BUILT_PRODUCTS_DIR)/Gist.app/Gist";
			};
			name = Debug;
		};
		357F211D24CE24E0005CC956 /* Release */ = {
			isa = XCBuildConfiguration;
			buildSettings = {
				ALWAYS_EMBED_SWIFT_STANDARD_LIBRARIES = YES;
				BUNDLE_LOADER = "$(TEST_HOST)";
				CODE_SIGN_STYLE = Automatic;
				DEVELOPMENT_TEAM = M477CCRL65;
				INFOPLIST_FILE = GistTests/Info.plist;
				IPHONEOS_DEPLOYMENT_TARGET = 13.6;
				LD_RUNPATH_SEARCH_PATHS = (
					"$(inherited)",
					"@executable_path/Frameworks",
					"@loader_path/Frameworks",
				);
				PRODUCT_BUNDLE_IDENTIFIER = com.willian.GistTests;
				PRODUCT_NAME = "$(TARGET_NAME)";
				SWIFT_VERSION = 5.0;
				TARGETED_DEVICE_FAMILY = "1,2";
				TEST_HOST = "$(BUILT_PRODUCTS_DIR)/Gist.app/Gist";
			};
			name = Release;
		};
/* End XCBuildConfiguration section */

/* Begin XCConfigurationList section */
		357F20F224CE24DF005CC956 /* Build configuration list for PBXProject "Gist" */ = {
			isa = XCConfigurationList;
			buildConfigurations = (
				357F211624CE24E0005CC956 /* Debug */,
				357F211724CE24E0005CC956 /* Release */,
			);
			defaultConfigurationIsVisible = 0;
			defaultConfigurationName = Release;
		};
		357F211824CE24E0005CC956 /* Build configuration list for PBXNativeTarget "Gist" */ = {
			isa = XCConfigurationList;
			buildConfigurations = (
				357F211924CE24E0005CC956 /* Debug */,
				357F211A24CE24E0005CC956 /* Release */,
			);
			defaultConfigurationIsVisible = 0;
			defaultConfigurationName = Release;
		};
		357F211B24CE24E0005CC956 /* Build configuration list for PBXNativeTarget "GistTests" */ = {
			isa = XCConfigurationList;
			buildConfigurations = (
				357F211C24CE24E0005CC956 /* Debug */,
				357F211D24CE24E0005CC956 /* Release */,
			);
			defaultConfigurationIsVisible = 0;
			defaultConfigurationName = Release;
		};
/* End XCConfigurationList section */
	};
	rootObject = 357F20EF24CE24DF005CC956 /* Project object */;
}
